// !$*UTF8*$!
{
	archiveVersion = 1;
	classes = {
	};
	objectVersion = 48;
	objects = {

/* Begin PBXBuildFile section */
		B000C7F91FF4CF480028CEA3 /* KeychainWrapper.swift in Sources */ = {isa = PBXBuildFile; fileRef = B000C7F71FF4CF470028CEA3 /* KeychainWrapper.swift */; };
		B000C7FA1FF4CF480028CEA3 /* KeychainItemAccessibility.swift in Sources */ = {isa = PBXBuildFile; fileRef = B000C7F81FF4CF480028CEA3 /* KeychainItemAccessibility.swift */; };
		B000C7FC1FF4D4830028CEA3 /* Project29_HomePage.swift in Sources */ = {isa = PBXBuildFile; fileRef = B000C7FB1FF4D4830028CEA3 /* Project29_HomePage.swift */; };
		B000C8001FF4D4C00028CEA3 /* Project29.storyboard in Resources */ = {isa = PBXBuildFile; fileRef = B000C7FF1FF4D4C00028CEA3 /* Project29.storyboard */; };
		B000C8031FF4D5460028CEA3 /* Project30.storyboard in Resources */ = {isa = PBXBuildFile; fileRef = B000C8021FF4D5460028CEA3 /* Project30.storyboard */; };
		B000C8051FF4D5550028CEA3 /* Project30_HomePage.swift in Sources */ = {isa = PBXBuildFile; fileRef = B000C8041FF4D5550028CEA3 /* Project30_HomePage.swift */; };
		B000C8081FF5D0B20028CEA3 /* level1.txt in Resources */ = {isa = PBXBuildFile; fileRef = B000C8061FF5D0B20028CEA3 /* level1.txt */; };
		B000C8091FF5D0B20028CEA3 /* level2.txt in Resources */ = {isa = PBXBuildFile; fileRef = B000C8071FF5D0B20028CEA3 /* level2.txt */; };
		B001FB081FE36F67004BA36C /* nssl0049.jpg in Resources */ = {isa = PBXBuildFile; fileRef = B001FAFE1FE36F67004BA36C /* nssl0049.jpg */; };
		B001FB091FE36F67004BA36C /* nssl0046.jpg in Resources */ = {isa = PBXBuildFile; fileRef = B001FAFF1FE36F67004BA36C /* nssl0046.jpg */; };
		B001FB0A1FE36F67004BA36C /* nssl0091.jpg in Resources */ = {isa = PBXBuildFile; fileRef = B001FB001FE36F67004BA36C /* nssl0091.jpg */; };
		B001FB0B1FE36F67004BA36C /* nssl0045.jpg in Resources */ = {isa = PBXBuildFile; fileRef = B001FB011FE36F67004BA36C /* nssl0045.jpg */; };
		B001FB0C1FE36F67004BA36C /* nssl0051.jpg in Resources */ = {isa = PBXBuildFile; fileRef = B001FB021FE36F67004BA36C /* nssl0051.jpg */; };
		B001FB0D1FE36F67004BA36C /* nssl0041.jpg in Resources */ = {isa = PBXBuildFile; fileRef = B001FB031FE36F67004BA36C /* nssl0041.jpg */; };
		B001FB0E1FE36F67004BA36C /* nssl0042.jpg in Resources */ = {isa = PBXBuildFile; fileRef = B001FB041FE36F67004BA36C /* nssl0042.jpg */; };
		B001FB0F1FE36F67004BA36C /* nssl0043.jpg in Resources */ = {isa = PBXBuildFile; fileRef = B001FB051FE36F67004BA36C /* nssl0043.jpg */; };
		B001FB101FE36F67004BA36C /* nssl0033.jpg in Resources */ = {isa = PBXBuildFile; fileRef = B001FB061FE36F67004BA36C /* nssl0033.jpg */; };
		B001FB111FE36F67004BA36C /* nssl0034.jpg in Resources */ = {isa = PBXBuildFile; fileRef = B001FB071FE36F67004BA36C /* nssl0034.jpg */; };
		B001FB1D1FE74EE0004BA36C /* nssl0049.jpg in Resources */ = {isa = PBXBuildFile; fileRef = B001FB131FE74EDF004BA36C /* nssl0049.jpg */; };
		B001FB1E1FE74EE0004BA36C /* nssl0046.jpg in Resources */ = {isa = PBXBuildFile; fileRef = B001FB141FE74EDF004BA36C /* nssl0046.jpg */; };
		B001FB1F1FE74EE0004BA36C /* nssl0091.jpg in Resources */ = {isa = PBXBuildFile; fileRef = B001FB151FE74EDF004BA36C /* nssl0091.jpg */; };
		B001FB201FE74EE0004BA36C /* nssl0045.jpg in Resources */ = {isa = PBXBuildFile; fileRef = B001FB161FE74EDF004BA36C /* nssl0045.jpg */; };
		B001FB211FE74EE0004BA36C /* nssl0051.jpg in Resources */ = {isa = PBXBuildFile; fileRef = B001FB171FE74EDF004BA36C /* nssl0051.jpg */; };
		B001FB221FE74EE0004BA36C /* nssl0041.jpg in Resources */ = {isa = PBXBuildFile; fileRef = B001FB181FE74EDF004BA36C /* nssl0041.jpg */; };
		B001FB231FE74EE0004BA36C /* nssl0042.jpg in Resources */ = {isa = PBXBuildFile; fileRef = B001FB191FE74EDF004BA36C /* nssl0042.jpg */; };
		B001FB241FE74EE0004BA36C /* nssl0043.jpg in Resources */ = {isa = PBXBuildFile; fileRef = B001FB1A1FE74EDF004BA36C /* nssl0043.jpg */; };
		B001FB251FE74EE0004BA36C /* nssl0033.jpg in Resources */ = {isa = PBXBuildFile; fileRef = B001FB1B1FE74EDF004BA36C /* nssl0033.jpg */; };
		B001FB261FE74EE0004BA36C /* nssl0034.jpg in Resources */ = {isa = PBXBuildFile; fileRef = B001FB1C1FE74EDF004BA36C /* nssl0034.jpg */; };
		B001FB281FE74F0E004BA36C /* Project3_Detail.swift in Sources */ = {isa = PBXBuildFile; fileRef = B001FB271FE74F0E004BA36C /* Project3_Detail.swift */; };
		B004645C1FDA16A200377B2C /* start.txt in Resources */ = {isa = PBXBuildFile; fileRef = B004645B1FDA16A200377B2C /* start.txt */; };
		B00724F31FEAA6A900F8F76A /* Project13_HomePage.swift in Sources */ = {isa = PBXBuildFile; fileRef = B00724F21FEAA6A900F8F76A /* Project13_HomePage.swift */; };
		B00724F61FEAA6D700F8F76A /* Project13.storyboard in Resources */ = {isa = PBXBuildFile; fileRef = B00724F41FEAA6D700F8F76A /* Project13.storyboard */; };
		B007E64B1FEDE8D900EB9AD9 /* Project16_HomePage.swift in Sources */ = {isa = PBXBuildFile; fileRef = B007E64A1FEDE8D900EB9AD9 /* Project16_HomePage.swift */; };
		B007E64E1FEDE90000EB9AD9 /* Project16.storyboard in Resources */ = {isa = PBXBuildFile; fileRef = B007E64C1FEDE90000EB9AD9 /* Project16.storyboard */; };
		B007E6571FEDEC1300EB9AD9 /* ActionViewController.swift in Sources */ = {isa = PBXBuildFile; fileRef = B007E6561FEDEC1300EB9AD9 /* ActionViewController.swift */; };
		B007E65E1FEDEC1300EB9AD9 /* Project16_Extension.appex in Embed App Extensions */ = {isa = PBXBuildFile; fileRef = B007E6541FEDEC1300EB9AD9 /* Project16_Extension.appex */; settings = {ATTRIBUTES = (RemoveHeadersOnCopy, ); }; };
		B007E6641FEDF20200EB9AD9 /* Action.js in Resources */ = {isa = PBXBuildFile; fileRef = B007E6631FEDF20200EB9AD9 /* Action.js */; };
		B007E6661FEE076B00EB9AD9 /* MainInterface.storyboard in Resources */ = {isa = PBXBuildFile; fileRef = B007E6651FEE076B00EB9AD9 /* MainInterface.storyboard */; };
		B007E6681FEF34E400EB9AD9 /* Project18_HomePage.swift in Sources */ = {isa = PBXBuildFile; fileRef = B007E6671FEF34E400EB9AD9 /* Project18_HomePage.swift */; };
		B007E66B1FEF350700EB9AD9 /* Project18.storyboard in Resources */ = {isa = PBXBuildFile; fileRef = B007E6691FEF350700EB9AD9 /* Project18.storyboard */; };
		B007E66E1FEF356800EB9AD9 /* Project17_HomePage.swift in Sources */ = {isa = PBXBuildFile; fileRef = B007E66D1FEF356800EB9AD9 /* Project17_HomePage.swift */; };
		B007E6721FEF821700EB9AD9 /* Project19.storyboard in Resources */ = {isa = PBXBuildFile; fileRef = B007E6701FEF821700EB9AD9 /* Project19.storyboard */; };
		B007E6741FEF822A00EB9AD9 /* Project19_HomePage.swift in Sources */ = {isa = PBXBuildFile; fileRef = B007E6731FEF822A00EB9AD9 /* Project19_HomePage.swift */; };
		B007E6781FEF82C200EB9AD9 /* MapKit.framework in Frameworks */ = {isa = PBXBuildFile; fileRef = B007E6771FEF82C200EB9AD9 /* MapKit.framework */; };
		B007E67A1FEF846800EB9AD9 /* Project19_Capitals.swift in Sources */ = {isa = PBXBuildFile; fileRef = B007E6791FEF846800EB9AD9 /* Project19_Capitals.swift */; };
		B007E67C1FEF87E100EB9AD9 /* Project20_HomePage.swift in Sources */ = {isa = PBXBuildFile; fileRef = B007E67B1FEF87E100EB9AD9 /* Project20_HomePage.swift */; };
		B007E67E1FEF884600EB9AD9 /* Project21_HomePage.swift in Sources */ = {isa = PBXBuildFile; fileRef = B007E67D1FEF884600EB9AD9 /* Project21_HomePage.swift */; };
		B007E6801FEF885B00EB9AD9 /* Project22_HomePage.swift in Sources */ = {isa = PBXBuildFile; fileRef = B007E67F1FEF885B00EB9AD9 /* Project22_HomePage.swift */; };
		B007E6821FEF886E00EB9AD9 /* Project23_HomePage.swift in Sources */ = {isa = PBXBuildFile; fileRef = B007E6811FEF886E00EB9AD9 /* Project23_HomePage.swift */; };
		B007E6841FEF887F00EB9AD9 /* Project24_HomePage.swift in Sources */ = {isa = PBXBuildFile; fileRef = B007E6831FEF887F00EB9AD9 /* Project24_HomePage.swift */; };
		B007E68C1FEF893700EB9AD9 /* Project20.storyboard in Resources */ = {isa = PBXBuildFile; fileRef = B007E68A1FEF893700EB9AD9 /* Project20.storyboard */; };
		B007E68E1FEF8BFD00EB9AD9 /* Project21.storyboard in Resources */ = {isa = PBXBuildFile; fileRef = B007E68D1FEF8BFD00EB9AD9 /* Project21.storyboard */; };
		B009A0D21FEBDBC300FF8DC4 /* Project15.storyboard in Resources */ = {isa = PBXBuildFile; fileRef = B009A0D11FEBDBC300FF8DC4 /* Project15.storyboard */; };
		B009A0D41FEBDC0500FF8DC4 /* Project15_HomePage.swift in Sources */ = {isa = PBXBuildFile; fileRef = B009A0D31FEBDC0500FF8DC4 /* Project15_HomePage.swift */; };
		B009A0D81FEBDCC900FF8DC4 /* Project14_HomePage.swift in Sources */ = {isa = PBXBuildFile; fileRef = B009A0D71FEBDCC900FF8DC4 /* Project14_HomePage.swift */; };
		B009A0F81FEBE31900FF8DC4 /* penguin@2x.png in Resources */ = {isa = PBXBuildFile; fileRef = B009A0F61FEBE31900FF8DC4 /* penguin@2x.png */; };
		B009A0F91FEBE31900FF8DC4 /* penguin.png in Resources */ = {isa = PBXBuildFile; fileRef = B009A0F71FEBE31900FF8DC4 /* penguin.png */; };
		B00FA9571FE0F53A00AD8A68 /* Project7_TabbarController.swift in Sources */ = {isa = PBXBuildFile; fileRef = B00FA9561FE0F53A00AD8A68 /* Project7_TabbarController.swift */; };
		B00FA95B1FE1540D00AD8A68 /* SwiftyJSON.swift in Sources */ = {isa = PBXBuildFile; fileRef = B00FA95A1FE1540D00AD8A68 /* SwiftyJSON.swift */; };
		B00FA95D1FE159B700AD8A68 /* Project7_Detail.swift in Sources */ = {isa = PBXBuildFile; fileRef = B00FA95C1FE159B700AD8A68 /* Project7_Detail.swift */; };
		B00FA95F1FE2011B00AD8A68 /* Project8_HomePage.swift in Sources */ = {isa = PBXBuildFile; fileRef = B00FA95E1FE2011B00AD8A68 /* Project8_HomePage.swift */; };
		B00FA9621FE2013600AD8A68 /* Project8.storyboard in Resources */ = {isa = PBXBuildFile; fileRef = B00FA9601FE2013600AD8A68 /* Project8.storyboard */; };
		B00FA9651FE2047E00AD8A68 /* Project9_HomePage.swift in Sources */ = {isa = PBXBuildFile; fileRef = B00FA9641FE2047E00AD8A68 /* Project9_HomePage.swift */; };
		B00FA9681FE204A900AD8A68 /* Project9.storyboard in Resources */ = {isa = PBXBuildFile; fileRef = B00FA9661FE204A900AD8A68 /* Project9.storyboard */; };
		B00FA96B1FE2063300AD8A68 /* Project9_Tableview.swift in Sources */ = {isa = PBXBuildFile; fileRef = B00FA96A1FE2063300AD8A68 /* Project9_Tableview.swift */; };
		B03173DA1FD5182000B0F6DC /* Project1.storyboard in Resources */ = {isa = PBXBuildFile; fileRef = B03173D81FD5182000B0F6DC /* Project1.storyboard */; };
		B03173DC1FD519F700B0F6DC /* Project1_HomePage.swift in Sources */ = {isa = PBXBuildFile; fileRef = B03173DB1FD519F700B0F6DC /* Project1_HomePage.swift */; };
		B03173E11FD51E8200B0F6DC /* Project2_HomePage.swift in Sources */ = {isa = PBXBuildFile; fileRef = B03173E01FD51E8200B0F6DC /* Project2_HomePage.swift */; };
		B03173E41FD51F0D00B0F6DC /* Project2.storyboard in Resources */ = {isa = PBXBuildFile; fileRef = B03173E21FD51F0D00B0F6DC /* Project2.storyboard */; };
		B03174061FD573AD00B0F6DC /* Project3.storyboard in Resources */ = {isa = PBXBuildFile; fileRef = B03174041FD573AD00B0F6DC /* Project3.storyboard */; };
		B03174081FD573C900B0F6DC /* Project3_HomePage.swift in Sources */ = {isa = PBXBuildFile; fileRef = B03174071FD573C900B0F6DC /* Project3_HomePage.swift */; };
		B031740C1FD5743A00B0F6DC /* Project4.storyboard in Resources */ = {isa = PBXBuildFile; fileRef = B031740A1FD5743A00B0F6DC /* Project4.storyboard */; };
		B031740E1FD5745100B0F6DC /* Project4_HomePage.swift in Sources */ = {isa = PBXBuildFile; fileRef = B031740D1FD5745100B0F6DC /* Project4_HomePage.swift */; };
		B03174101FD5746600B0F6DC /* Project5_HomePage.swift in Sources */ = {isa = PBXBuildFile; fileRef = B031740F1FD5746600B0F6DC /* Project5_HomePage.swift */; };
		B03174121FD5747A00B0F6DC /* Project6_HomePage.swift in Sources */ = {isa = PBXBuildFile; fileRef = B03174111FD5747A00B0F6DC /* Project6_HomePage.swift */; };
		B03174161FD574C900B0F6DC /* Project5.storyboard in Resources */ = {isa = PBXBuildFile; fileRef = B03174141FD574C900B0F6DC /* Project5.storyboard */; };
		B031741A1FD5751F00B0F6DC /* Project6.storyboard in Resources */ = {isa = PBXBuildFile; fileRef = B03174191FD5751F00B0F6DC /* Project6.storyboard */; };
		B03820E71FEFDB7B002ECB32 /* Project22.storyboard in Resources */ = {isa = PBXBuildFile; fileRef = B03820E61FEFDB7B002ECB32 /* Project22.storyboard */; };
		B03820E91FEFE46E002ECB32 /* Project23.storyboard in Resources */ = {isa = PBXBuildFile; fileRef = B03820E81FEFE46E002ECB32 /* Project23.storyboard */; };
		B03820EB1FEFE509002ECB32 /* Project24.storyboard in Resources */ = {isa = PBXBuildFile; fileRef = B03820EA1FEFE509002ECB32 /* Project24.storyboard */; };
		B04054801FE9F45500CED3B6 /* Project10_HomePage.swift in Sources */ = {isa = PBXBuildFile; fileRef = B040547F1FE9F45500CED3B6 /* Project10_HomePage.swift */; };
		B04054831FE9F47900CED3B6 /* Project10.storyboard in Resources */ = {isa = PBXBuildFile; fileRef = B04054811FE9F47900CED3B6 /* Project10.storyboard */; };
		B04054861FE9F64400CED3B6 /* Project10_CollectionViewcontroller.swift in Sources */ = {isa = PBXBuildFile; fileRef = B04054851FE9F64400CED3B6 /* Project10_CollectionViewcontroller.swift */; };
		B04054881FE9FBAA00CED3B6 /* Project10_CollectionViewcontroller_Cell.swift in Sources */ = {isa = PBXBuildFile; fileRef = B04054871FE9FBAA00CED3B6 /* Project10_CollectionViewcontroller_Cell.swift */; };
		B040548A1FEA2D6700CED3B6 /* Project10_PersonClass.swift in Sources */ = {isa = PBXBuildFile; fileRef = B04054891FEA2D6700CED3B6 /* Project10_PersonClass.swift */; };
		B040548F1FEA4E0C00CED3B6 /* Project11.storyboard in Resources */ = {isa = PBXBuildFile; fileRef = B040548D1FEA4E0C00CED3B6 /* Project11.storyboard */; };
		B04054911FEA4E3800CED3B6 /* Project11_HomePage.swift in Sources */ = {isa = PBXBuildFile; fileRef = B04054901FEA4E3800CED3B6 /* Project11_HomePage.swift */; };
		B04054941FEA515800CED3B6 /* Project12_HomePage.swift in Sources */ = {isa = PBXBuildFile; fileRef = B04054931FEA515800CED3B6 /* Project12_HomePage.swift */; };
		B04054971FEA517F00CED3B6 /* Project12.storyboard in Resources */ = {isa = PBXBuildFile; fileRef = B04054951FEA517F00CED3B6 /* Project12.storyboard */; };
		B040549A1FEA536000CED3B6 /* Project12_PersonClass.swift in Sources */ = {isa = PBXBuildFile; fileRef = B04054991FEA536000CED3B6 /* Project12_PersonClass.swift */; };
		B040549C1FEA53BE00CED3B6 /* Project12_CollectionViewcontroller_Cell.swift in Sources */ = {isa = PBXBuildFile; fileRef = B040549B1FEA53BE00CED3B6 /* Project12_CollectionViewcontroller_Cell.swift */; };
		B040549E1FEA53DB00CED3B6 /* Project12_CollectionViewcontroller.swift in Sources */ = {isa = PBXBuildFile; fileRef = B040549D1FEA53DB00CED3B6 /* Project12_CollectionViewcontroller.swift */; };
		B04054A01FEA557E00CED3B6 /* Project12_TabbarController.swift in Sources */ = {isa = PBXBuildFile; fileRef = B040549F1FEA557E00CED3B6 /* Project12_TabbarController.swift */; };
		B045C4711FDEB830002A59ED /* Project7_HomePage.swift in Sources */ = {isa = PBXBuildFile; fileRef = B045C4701FDEB830002A59ED /* Project7_HomePage.swift */; };
		B045C4741FDEB8AE002A59ED /* Project7.storyboard in Resources */ = {isa = PBXBuildFile; fileRef = B045C4721FDEB8AE002A59ED /* Project7.storyboard */; };
		B045C4761FDEBA46002A59ED /* Project7_TableviewController.swift in Sources */ = {isa = PBXBuildFile; fileRef = B045C4751FDEBA46002A59ED /* Project7_TableviewController.swift */; };
		B08400471FC9A39D003C87E9 /* AppDelegate.swift in Sources */ = {isa = PBXBuildFile; fileRef = B08400461FC9A39D003C87E9 /* AppDelegate.swift */; };
		B084004C1FC9A39D003C87E9 /* Main.storyboard in Resources */ = {isa = PBXBuildFile; fileRef = B084004A1FC9A39D003C87E9 /* Main.storyboard */; };
		B084004E1FC9A39D003C87E9 /* Assets.xcassets in Resources */ = {isa = PBXBuildFile; fileRef = B084004D1FC9A39D003C87E9 /* Assets.xcassets */; };
		B08400511FC9A39D003C87E9 /* LaunchScreen.storyboard in Resources */ = {isa = PBXBuildFile; fileRef = B084004F1FC9A39D003C87E9 /* LaunchScreen.storyboard */; };
		B084005C1FC9A39D003C87E9 /* Project_HackingWithSwiftTests.swift in Sources */ = {isa = PBXBuildFile; fileRef = B084005B1FC9A39D003C87E9 /* Project_HackingWithSwiftTests.swift */; };
		B08400671FC9A39D003C87E9 /* Project_HackingWithSwiftUITests.swift in Sources */ = {isa = PBXBuildFile; fileRef = B08400661FC9A39D003C87E9 /* Project_HackingWithSwiftUITests.swift */; };
		B08400771FC9A601003C87E9 /* HomePage.swift in Sources */ = {isa = PBXBuildFile; fileRef = B08400761FC9A601003C87E9 /* HomePage.swift */; };
		B084007A1FC9A6C5003C87E9 /* HP_projectCell.swift in Sources */ = {isa = PBXBuildFile; fileRef = B08400781FC9A6C5003C87E9 /* HP_projectCell.swift */; };
		B084007B1FC9A6C5003C87E9 /* HP_projectCell.xib in Resources */ = {isa = PBXBuildFile; fileRef = B08400791FC9A6C5003C87E9 /* HP_projectCell.xib */; };
		B08400821FC9B11C003C87E9 /* Default-568h@2x.png in Resources */ = {isa = PBXBuildFile; fileRef = B08400811FC9B11C003C87E9 /* Default-568h@2x.png */; };
		B0A6C1981FF07CBA00657B99 /* Project25_HomePage.swift in Sources */ = {isa = PBXBuildFile; fileRef = B0A6C1971FF07CBA00657B99 /* Project25_HomePage.swift */; };
		B0A6C19A1FF07CCA00657B99 /* Project26_HomePage.swift in Sources */ = {isa = PBXBuildFile; fileRef = B0A6C1991FF07CCA00657B99 /* Project26_HomePage.swift */; };
		B0A6C19C1FF07CDF00657B99 /* Project27_HomePage.swift in Sources */ = {isa = PBXBuildFile; fileRef = B0A6C19B1FF07CDF00657B99 /* Project27_HomePage.swift */; };
		B0A6C1A21FF07D4B00657B99 /* Project25.storyboard in Resources */ = {isa = PBXBuildFile; fileRef = B0A6C1A11FF07D4B00657B99 /* Project25.storyboard */; };
		B0A6C1A51FF07D7800657B99 /* Project26.storyboard in Resources */ = {isa = PBXBuildFile; fileRef = B0A6C1A31FF07D7800657B99 /* Project26.storyboard */; };
		B0A6C1A71FF07DA900657B99 /* Project27.storyboard in Resources */ = {isa = PBXBuildFile; fileRef = B0A6C1A61FF07DA900657B99 /* Project27.storyboard */; };
		B0A6C1A91FF080D600657B99 /* Project25_collectionView.swift in Sources */ = {isa = PBXBuildFile; fileRef = B0A6C1A81FF080D600657B99 /* Project25_collectionView.swift */; };
		B0A6C1AC1FF08D2700657B99 /* mouse@2x.png in Resources */ = {isa = PBXBuildFile; fileRef = B0A6C1AA1FF08D2700657B99 /* mouse@2x.png */; };
		B0A6C1AD1FF08D2700657B99 /* mouse.png in Resources */ = {isa = PBXBuildFile; fileRef = B0A6C1AB1FF08D2700657B99 /* mouse.png */; };
		B0A6C1AF1FF2372F00657B99 /* Project28_HomePage.swift in Sources */ = {isa = PBXBuildFile; fileRef = B0A6C1AE1FF2372F00657B99 /* Project28_HomePage.swift */; };
		B0A6C1B21FF2376C00657B99 /* Project28.storyboard in Resources */ = {isa = PBXBuildFile; fileRef = B0A6C1B11FF2376C00657B99 /* Project28.storyboard */; };
		B0F46F471FD7C8D400189AEF /* Project1_Detail.swift in Sources */ = {isa = PBXBuildFile; fileRef = B0F46F461FD7C8D400189AEF /* Project1_Detail.swift */; };
/* End PBXBuildFile section */

/* Begin PBXContainerItemProxy section */
		B007E65C1FEDEC1300EB9AD9 /* PBXContainerItemProxy */ = {
			isa = PBXContainerItemProxy;
			containerPortal = B084003B1FC9A39D003C87E9 /* Project object */;
			proxyType = 1;
			remoteGlobalIDString = B007E6531FEDEC1300EB9AD9;
			remoteInfo = Project16_Extension;
		};
		B08400581FC9A39D003C87E9 /* PBXContainerItemProxy */ = {
			isa = PBXContainerItemProxy;
			containerPortal = B084003B1FC9A39D003C87E9 /* Project object */;
			proxyType = 1;
			remoteGlobalIDString = B08400421FC9A39D003C87E9;
			remoteInfo = Project_HackingWithSwift;
		};
		B08400631FC9A39D003C87E9 /* PBXContainerItemProxy */ = {
			isa = PBXContainerItemProxy;
			containerPortal = B084003B1FC9A39D003C87E9 /* Project object */;
			proxyType = 1;
			remoteGlobalIDString = B08400421FC9A39D003C87E9;
			remoteInfo = Project_HackingWithSwift;
		};
/* End PBXContainerItemProxy section */

/* Begin PBXCopyFilesBuildPhase section */
		B007E6621FEDEC1300EB9AD9 /* Embed App Extensions */ = {
			isa = PBXCopyFilesBuildPhase;
			buildActionMask = 2147483647;
			dstPath = "";
			dstSubfolderSpec = 13;
			files = (
				B007E65E1FEDEC1300EB9AD9 /* Project16_Extension.appex in Embed App Extensions */,
			);
			name = "Embed App Extensions";
			runOnlyForDeploymentPostprocessing = 0;
		};
/* End PBXCopyFilesBuildPhase section */

/* Begin PBXFileReference section */
		B000C7F71FF4CF470028CEA3 /* KeychainWrapper.swift */ = {isa = PBXFileReference; fileEncoding = 4; lastKnownFileType = sourcecode.swift; path = KeychainWrapper.swift; sourceTree = "<group>"; };
		B000C7F81FF4CF480028CEA3 /* KeychainItemAccessibility.swift */ = {isa = PBXFileReference; fileEncoding = 4; lastKnownFileType = sourcecode.swift; path = KeychainItemAccessibility.swift; sourceTree = "<group>"; };
		B000C7FB1FF4D4830028CEA3 /* Project29_HomePage.swift */ = {isa = PBXFileReference; lastKnownFileType = sourcecode.swift; path = Project29_HomePage.swift; sourceTree = "<group>"; };
		B000C7FF1FF4D4C00028CEA3 /* Project29.storyboard */ = {isa = PBXFileReference; fileEncoding = 4; lastKnownFileType = file.storyboard; path = Project29.storyboard; sourceTree = "<group>"; };
		B000C8021FF4D5460028CEA3 /* Project30.storyboard */ = {isa = PBXFileReference; fileEncoding = 4; lastKnownFileType = file.storyboard; path = Project30.storyboard; sourceTree = "<group>"; };
		B000C8041FF4D5550028CEA3 /* Project30_HomePage.swift */ = {isa = PBXFileReference; lastKnownFileType = sourcecode.swift; path = Project30_HomePage.swift; sourceTree = "<group>"; };
		B000C8061FF5D0B20028CEA3 /* level1.txt */ = {isa = PBXFileReference; fileEncoding = 4; lastKnownFileType = text; path = level1.txt; sourceTree = "<group>"; };
		B000C8071FF5D0B20028CEA3 /* level2.txt */ = {isa = PBXFileReference; fileEncoding = 4; lastKnownFileType = text; path = level2.txt; sourceTree = "<group>"; };
		B001FAFE1FE36F67004BA36C /* nssl0049.jpg */ = {isa = PBXFileReference; lastKnownFileType = image.jpeg; path = nssl0049.jpg; sourceTree = "<group>"; };
		B001FAFF1FE36F67004BA36C /* nssl0046.jpg */ = {isa = PBXFileReference; lastKnownFileType = image.jpeg; path = nssl0046.jpg; sourceTree = "<group>"; };
		B001FB001FE36F67004BA36C /* nssl0091.jpg */ = {isa = PBXFileReference; lastKnownFileType = image.jpeg; path = nssl0091.jpg; sourceTree = "<group>"; };
		B001FB011FE36F67004BA36C /* nssl0045.jpg */ = {isa = PBXFileReference; lastKnownFileType = image.jpeg; path = nssl0045.jpg; sourceTree = "<group>"; };
		B001FB021FE36F67004BA36C /* nssl0051.jpg */ = {isa = PBXFileReference; lastKnownFileType = image.jpeg; path = nssl0051.jpg; sourceTree = "<group>"; };
		B001FB031FE36F67004BA36C /* nssl0041.jpg */ = {isa = PBXFileReference; lastKnownFileType = image.jpeg; path = nssl0041.jpg; sourceTree = "<group>"; };
		B001FB041FE36F67004BA36C /* nssl0042.jpg */ = {isa = PBXFileReference; lastKnownFileType = image.jpeg; path = nssl0042.jpg; sourceTree = "<group>"; };
		B001FB051FE36F67004BA36C /* nssl0043.jpg */ = {isa = PBXFileReference; lastKnownFileType = image.jpeg; path = nssl0043.jpg; sourceTree = "<group>"; };
		B001FB061FE36F67004BA36C /* nssl0033.jpg */ = {isa = PBXFileReference; lastKnownFileType = image.jpeg; path = nssl0033.jpg; sourceTree = "<group>"; };
		B001FB071FE36F67004BA36C /* nssl0034.jpg */ = {isa = PBXFileReference; lastKnownFileType = image.jpeg; path = nssl0034.jpg; sourceTree = "<group>"; };
		B001FB131FE74EDF004BA36C /* nssl0049.jpg */ = {isa = PBXFileReference; lastKnownFileType = image.jpeg; path = nssl0049.jpg; sourceTree = "<group>"; };
		B001FB141FE74EDF004BA36C /* nssl0046.jpg */ = {isa = PBXFileReference; lastKnownFileType = image.jpeg; path = nssl0046.jpg; sourceTree = "<group>"; };
		B001FB151FE74EDF004BA36C /* nssl0091.jpg */ = {isa = PBXFileReference; lastKnownFileType = image.jpeg; path = nssl0091.jpg; sourceTree = "<group>"; };
		B001FB161FE74EDF004BA36C /* nssl0045.jpg */ = {isa = PBXFileReference; lastKnownFileType = image.jpeg; path = nssl0045.jpg; sourceTree = "<group>"; };
		B001FB171FE74EDF004BA36C /* nssl0051.jpg */ = {isa = PBXFileReference; lastKnownFileType = image.jpeg; path = nssl0051.jpg; sourceTree = "<group>"; };
		B001FB181FE74EDF004BA36C /* nssl0041.jpg */ = {isa = PBXFileReference; lastKnownFileType = image.jpeg; path = nssl0041.jpg; sourceTree = "<group>"; };
		B001FB191FE74EDF004BA36C /* nssl0042.jpg */ = {isa = PBXFileReference; lastKnownFileType = image.jpeg; path = nssl0042.jpg; sourceTree = "<group>"; };
		B001FB1A1FE74EDF004BA36C /* nssl0043.jpg */ = {isa = PBXFileReference; lastKnownFileType = image.jpeg; path = nssl0043.jpg; sourceTree = "<group>"; };
		B001FB1B1FE74EDF004BA36C /* nssl0033.jpg */ = {isa = PBXFileReference; lastKnownFileType = image.jpeg; path = nssl0033.jpg; sourceTree = "<group>"; };
		B001FB1C1FE74EDF004BA36C /* nssl0034.jpg */ = {isa = PBXFileReference; lastKnownFileType = image.jpeg; path = nssl0034.jpg; sourceTree = "<group>"; };
		B001FB271FE74F0E004BA36C /* Project3_Detail.swift */ = {isa = PBXFileReference; lastKnownFileType = sourcecode.swift; path = Project3_Detail.swift; sourceTree = "<group>"; };
		B004645B1FDA16A200377B2C /* start.txt */ = {isa = PBXFileReference; fileEncoding = 4; lastKnownFileType = text; path = start.txt; sourceTree = "<group>"; };
		B00724F21FEAA6A900F8F76A /* Project13_HomePage.swift */ = {isa = PBXFileReference; lastKnownFileType = sourcecode.swift; path = Project13_HomePage.swift; sourceTree = "<group>"; };
		B00724F51FEAA6D700F8F76A /* Base */ = {isa = PBXFileReference; lastKnownFileType = file.storyboard; name = Base; path = Project_HackingWithSwift/HomePage/Base.lproj/Project13.storyboard; sourceTree = "<group>"; };
		B007E64A1FEDE8D900EB9AD9 /* Project16_HomePage.swift */ = {isa = PBXFileReference; lastKnownFileType = sourcecode.swift; path = Project16_HomePage.swift; sourceTree = "<group>"; };
		B007E64D1FEDE90000EB9AD9 /* Base */ = {isa = PBXFileReference; lastKnownFileType = file.storyboard; name = Base; path = Project_HackingWithSwift/HomePage/Base.lproj/Project16.storyboard; sourceTree = "<group>"; };
		B007E6541FEDEC1300EB9AD9 /* Project16_Extension.appex */ = {isa = PBXFileReference; explicitFileType = "wrapper.app-extension"; includeInIndex = 0; path = Project16_Extension.appex; sourceTree = BUILT_PRODUCTS_DIR; };
		B007E6561FEDEC1300EB9AD9 /* ActionViewController.swift */ = {isa = PBXFileReference; lastKnownFileType = sourcecode.swift; path = ActionViewController.swift; sourceTree = "<group>"; };
		B007E65B1FEDEC1300EB9AD9 /* Info.plist */ = {isa = PBXFileReference; lastKnownFileType = text.plist.xml; path = Info.plist; sourceTree = "<group>"; };
		B007E6631FEDF20200EB9AD9 /* Action.js */ = {isa = PBXFileReference; lastKnownFileType = sourcecode.javascript; path = Action.js; sourceTree = "<group>"; };
		B007E6651FEE076B00EB9AD9 /* MainInterface.storyboard */ = {isa = PBXFileReference; lastKnownFileType = file.storyboard; path = MainInterface.storyboard; sourceTree = "<group>"; };
		B007E6671FEF34E400EB9AD9 /* Project18_HomePage.swift */ = {isa = PBXFileReference; lastKnownFileType = sourcecode.swift; path = Project18_HomePage.swift; sourceTree = "<group>"; };
		B007E66A1FEF350700EB9AD9 /* Base */ = {isa = PBXFileReference; lastKnownFileType = file.storyboard; name = Base; path = Project_HackingWithSwift/HomePage/Base.lproj/Project18.storyboard; sourceTree = "<group>"; };
		B007E66D1FEF356800EB9AD9 /* Project17_HomePage.swift */ = {isa = PBXFileReference; lastKnownFileType = sourcecode.swift; path = Project17_HomePage.swift; sourceTree = "<group>"; };
		B007E6711FEF821700EB9AD9 /* Base */ = {isa = PBXFileReference; lastKnownFileType = file.storyboard; name = Base; path = Project_HackingWithSwift/HomePage/Base.lproj/Project19.storyboard; sourceTree = "<group>"; };
		B007E6731FEF822A00EB9AD9 /* Project19_HomePage.swift */ = {isa = PBXFileReference; lastKnownFileType = sourcecode.swift; path = Project19_HomePage.swift; sourceTree = "<group>"; };
		B007E6771FEF82C200EB9AD9 /* MapKit.framework */ = {isa = PBXFileReference; lastKnownFileType = wrapper.framework; name = MapKit.framework; path = System/Library/Frameworks/MapKit.framework; sourceTree = SDKROOT; };
		B007E6791FEF846800EB9AD9 /* Project19_Capitals.swift */ = {isa = PBXFileReference; lastKnownFileType = sourcecode.swift; path = Project19_Capitals.swift; sourceTree = "<group>"; };
		B007E67B1FEF87E100EB9AD9 /* Project20_HomePage.swift */ = {isa = PBXFileReference; lastKnownFileType = sourcecode.swift; path = Project20_HomePage.swift; sourceTree = "<group>"; };
		B007E67D1FEF884600EB9AD9 /* Project21_HomePage.swift */ = {isa = PBXFileReference; lastKnownFileType = sourcecode.swift; path = Project21_HomePage.swift; sourceTree = "<group>"; };
		B007E67F1FEF885B00EB9AD9 /* Project22_HomePage.swift */ = {isa = PBXFileReference; lastKnownFileType = sourcecode.swift; path = Project22_HomePage.swift; sourceTree = "<group>"; };
		B007E6811FEF886E00EB9AD9 /* Project23_HomePage.swift */ = {isa = PBXFileReference; lastKnownFileType = sourcecode.swift; path = Project23_HomePage.swift; sourceTree = "<group>"; };
		B007E6831FEF887F00EB9AD9 /* Project24_HomePage.swift */ = {isa = PBXFileReference; lastKnownFileType = sourcecode.swift; path = Project24_HomePage.swift; sourceTree = "<group>"; };
		B007E68B1FEF893700EB9AD9 /* Base */ = {isa = PBXFileReference; lastKnownFileType = file.storyboard; name = Base; path = Project_HackingWithSwift/HomePage/Base.lproj/Project20.storyboard; sourceTree = "<group>"; };
		B007E68D1FEF8BFD00EB9AD9 /* Project21.storyboard */ = {isa = PBXFileReference; fileEncoding = 4; lastKnownFileType = file.storyboard; path = Project21.storyboard; sourceTree = "<group>"; };
		B009A0D11FEBDBC300FF8DC4 /* Project15.storyboard */ = {isa = PBXFileReference; fileEncoding = 4; lastKnownFileType = file.storyboard; path = Project15.storyboard; sourceTree = "<group>"; };
		B009A0D31FEBDC0500FF8DC4 /* Project15_HomePage.swift */ = {isa = PBXFileReference; lastKnownFileType = sourcecode.swift; path = Project15_HomePage.swift; sourceTree = "<group>"; };
		B009A0D71FEBDCC900FF8DC4 /* Project14_HomePage.swift */ = {isa = PBXFileReference; lastKnownFileType = sourcecode.swift; path = Project14_HomePage.swift; sourceTree = "<group>"; };
		B009A0F61FEBE31900FF8DC4 /* penguin@2x.png */ = {isa = PBXFileReference; lastKnownFileType = image.png; path = "penguin@2x.png"; sourceTree = "<group>"; };
		B009A0F71FEBE31900FF8DC4 /* penguin.png */ = {isa = PBXFileReference; lastKnownFileType = image.png; path = penguin.png; sourceTree = "<group>"; };
		B00FA9561FE0F53A00AD8A68 /* Project7_TabbarController.swift */ = {isa = PBXFileReference; lastKnownFileType = sourcecode.swift; path = Project7_TabbarController.swift; sourceTree = "<group>"; };
		B00FA95A1FE1540D00AD8A68 /* SwiftyJSON.swift */ = {isa = PBXFileReference; fileEncoding = 4; lastKnownFileType = sourcecode.swift; path = SwiftyJSON.swift; sourceTree = "<group>"; };
		B00FA95C1FE159B700AD8A68 /* Project7_Detail.swift */ = {isa = PBXFileReference; lastKnownFileType = sourcecode.swift; path = Project7_Detail.swift; sourceTree = "<group>"; };
		B00FA95E1FE2011B00AD8A68 /* Project8_HomePage.swift */ = {isa = PBXFileReference; lastKnownFileType = sourcecode.swift; path = Project8_HomePage.swift; sourceTree = "<group>"; };
		B00FA9611FE2013600AD8A68 /* Base */ = {isa = PBXFileReference; lastKnownFileType = file.storyboard; name = Base; path = Project_HackingWithSwift/HomePage/Base.lproj/Project8.storyboard; sourceTree = "<group>"; };
		B00FA9641FE2047E00AD8A68 /* Project9_HomePage.swift */ = {isa = PBXFileReference; lastKnownFileType = sourcecode.swift; path = Project9_HomePage.swift; sourceTree = "<group>"; };
		B00FA9671FE204A900AD8A68 /* Base */ = {isa = PBXFileReference; lastKnownFileType = file.storyboard; name = Base; path = Project_HackingWithSwift/HomePage/Base.lproj/Project9.storyboard; sourceTree = "<group>"; };
		B00FA96A1FE2063300AD8A68 /* Project9_Tableview.swift */ = {isa = PBXFileReference; lastKnownFileType = sourcecode.swift; path = Project9_Tableview.swift; sourceTree = "<group>"; };
		B03173D91FD5182000B0F6DC /* Base */ = {isa = PBXFileReference; lastKnownFileType = file.storyboard; name = Base; path = Project_HackingWithSwift/View/Base.lproj/Project1.storyboard; sourceTree = "<group>"; };
		B03173DB1FD519F700B0F6DC /* Project1_HomePage.swift */ = {isa = PBXFileReference; lastKnownFileType = sourcecode.swift; path = Project1_HomePage.swift; sourceTree = "<group>"; };
		B03173E01FD51E8200B0F6DC /* Project2_HomePage.swift */ = {isa = PBXFileReference; lastKnownFileType = sourcecode.swift; path = Project2_HomePage.swift; sourceTree = "<group>"; };
		B03173E31FD51F0D00B0F6DC /* Base */ = {isa = PBXFileReference; lastKnownFileType = file.storyboard; name = Base; path = Project_HackingWithSwift/View/Base.lproj/Project2.storyboard; sourceTree = "<group>"; };
		B03174051FD573AD00B0F6DC /* Base */ = {isa = PBXFileReference; lastKnownFileType = file.storyboard; name = Base; path = Project_HackingWithSwift/HomePage/Base.lproj/Project3.storyboard; sourceTree = "<group>"; };
		B03174071FD573C900B0F6DC /* Project3_HomePage.swift */ = {isa = PBXFileReference; lastKnownFileType = sourcecode.swift; path = Project3_HomePage.swift; sourceTree = "<group>"; };
		B031740B1FD5743A00B0F6DC /* Base */ = {isa = PBXFileReference; lastKnownFileType = file.storyboard; name = Base; path = Project_HackingWithSwift/HomePage/Base.lproj/Project4.storyboard; sourceTree = "<group>"; };
		B031740D1FD5745100B0F6DC /* Project4_HomePage.swift */ = {isa = PBXFileReference; lastKnownFileType = sourcecode.swift; path = Project4_HomePage.swift; sourceTree = "<group>"; };
		B031740F1FD5746600B0F6DC /* Project5_HomePage.swift */ = {isa = PBXFileReference; lastKnownFileType = sourcecode.swift; path = Project5_HomePage.swift; sourceTree = "<group>"; };
		B03174111FD5747A00B0F6DC /* Project6_HomePage.swift */ = {isa = PBXFileReference; lastKnownFileType = sourcecode.swift; path = Project6_HomePage.swift; sourceTree = "<group>"; };
		B03174151FD574C900B0F6DC /* Base */ = {isa = PBXFileReference; lastKnownFileType = file.storyboard; name = Base; path = Project_HackingWithSwift/HomePage/Base.lproj/Project5.storyboard; sourceTree = "<group>"; };
		B03174191FD5751F00B0F6DC /* Project6.storyboard */ = {isa = PBXFileReference; fileEncoding = 4; lastKnownFileType = file.storyboard; path = Project6.storyboard; sourceTree = "<group>"; };
		B03820E61FEFDB7B002ECB32 /* Project22.storyboard */ = {isa = PBXFileReference; fileEncoding = 4; lastKnownFileType = file.storyboard; path = Project22.storyboard; sourceTree = "<group>"; };
		B03820E81FEFE46E002ECB32 /* Project23.storyboard */ = {isa = PBXFileReference; fileEncoding = 4; lastKnownFileType = file.storyboard; path = Project23.storyboard; sourceTree = "<group>"; };
		B03820EA1FEFE509002ECB32 /* Project24.storyboard */ = {isa = PBXFileReference; fileEncoding = 4; lastKnownFileType = file.storyboard; path = Project24.storyboard; sourceTree = "<group>"; };
		B040547F1FE9F45500CED3B6 /* Project10_HomePage.swift */ = {isa = PBXFileReference; lastKnownFileType = sourcecode.swift; path = Project10_HomePage.swift; sourceTree = "<group>"; };
		B04054821FE9F47900CED3B6 /* Base */ = {isa = PBXFileReference; lastKnownFileType = file.storyboard; name = Base; path = Project_HackingWithSwift/HomePage/Base.lproj/Project10.storyboard; sourceTree = "<group>"; };
		B04054851FE9F64400CED3B6 /* Project10_CollectionViewcontroller.swift */ = {isa = PBXFileReference; lastKnownFileType = sourcecode.swift; path = Project10_CollectionViewcontroller.swift; sourceTree = "<group>"; };
		B04054871FE9FBAA00CED3B6 /* Project10_CollectionViewcontroller_Cell.swift */ = {isa = PBXFileReference; lastKnownFileType = sourcecode.swift; path = Project10_CollectionViewcontroller_Cell.swift; sourceTree = "<group>"; };
		B04054891FEA2D6700CED3B6 /* Project10_PersonClass.swift */ = {isa = PBXFileReference; lastKnownFileType = sourcecode.swift; path = Project10_PersonClass.swift; sourceTree = "<group>"; };
		B040548E1FEA4E0C00CED3B6 /* Base */ = {isa = PBXFileReference; lastKnownFileType = file.storyboard; name = Base; path = Project_HackingWithSwift/HomePage/Base.lproj/Project11.storyboard; sourceTree = "<group>"; };
		B04054901FEA4E3800CED3B6 /* Project11_HomePage.swift */ = {isa = PBXFileReference; lastKnownFileType = sourcecode.swift; path = Project11_HomePage.swift; sourceTree = "<group>"; };
		B04054931FEA515800CED3B6 /* Project12_HomePage.swift */ = {isa = PBXFileReference; lastKnownFileType = sourcecode.swift; path = Project12_HomePage.swift; sourceTree = "<group>"; };
		B04054961FEA517F00CED3B6 /* Base */ = {isa = PBXFileReference; lastKnownFileType = file.storyboard; name = Base; path = Project_HackingWithSwift/HomePage/Base.lproj/Project12.storyboard; sourceTree = "<group>"; };
		B04054991FEA536000CED3B6 /* Project12_PersonClass.swift */ = {isa = PBXFileReference; lastKnownFileType = sourcecode.swift; path = Project12_PersonClass.swift; sourceTree = "<group>"; };
		B040549B1FEA53BE00CED3B6 /* Project12_CollectionViewcontroller_Cell.swift */ = {isa = PBXFileReference; lastKnownFileType = sourcecode.swift; path = Project12_CollectionViewcontroller_Cell.swift; sourceTree = "<group>"; };
		B040549D1FEA53DB00CED3B6 /* Project12_CollectionViewcontroller.swift */ = {isa = PBXFileReference; lastKnownFileType = sourcecode.swift; path = Project12_CollectionViewcontroller.swift; sourceTree = "<group>"; };
		B040549F1FEA557E00CED3B6 /* Project12_TabbarController.swift */ = {isa = PBXFileReference; lastKnownFileType = sourcecode.swift; path = Project12_TabbarController.swift; sourceTree = "<group>"; };
		B045C4701FDEB830002A59ED /* Project7_HomePage.swift */ = {isa = PBXFileReference; lastKnownFileType = sourcecode.swift; path = Project7_HomePage.swift; sourceTree = "<group>"; };
		B045C4731FDEB8AE002A59ED /* Base */ = {isa = PBXFileReference; lastKnownFileType = file.storyboard; name = Base; path = Project_HackingWithSwift/HomePage/Base.lproj/Project7.storyboard; sourceTree = "<group>"; };
		B045C4751FDEBA46002A59ED /* Project7_TableviewController.swift */ = {isa = PBXFileReference; lastKnownFileType = sourcecode.swift; path = Project7_TableviewController.swift; sourceTree = "<group>"; };
		B08400431FC9A39D003C87E9 /* Project_HackingWithSwift.app */ = {isa = PBXFileReference; explicitFileType = wrapper.application; includeInIndex = 0; path = Project_HackingWithSwift.app; sourceTree = BUILT_PRODUCTS_DIR; };
		B08400461FC9A39D003C87E9 /* AppDelegate.swift */ = {isa = PBXFileReference; lastKnownFileType = sourcecode.swift; path = AppDelegate.swift; sourceTree = "<group>"; };
		B084004B1FC9A39D003C87E9 /* Base */ = {isa = PBXFileReference; lastKnownFileType = file.storyboard; name = Base; path = Base.lproj/Main.storyboard; sourceTree = "<group>"; };
		B084004D1FC9A39D003C87E9 /* Assets.xcassets */ = {isa = PBXFileReference; lastKnownFileType = folder.assetcatalog; path = Assets.xcassets; sourceTree = "<group>"; };
		B08400501FC9A39D003C87E9 /* Base */ = {isa = PBXFileReference; lastKnownFileType = file.storyboard; name = Base; path = Base.lproj/LaunchScreen.storyboard; sourceTree = "<group>"; };
		B08400521FC9A39D003C87E9 /* Info.plist */ = {isa = PBXFileReference; lastKnownFileType = text.plist.xml; path = Info.plist; sourceTree = "<group>"; };
		B08400571FC9A39D003C87E9 /* Project_HackingWithSwiftTests.xctest */ = {isa = PBXFileReference; explicitFileType = wrapper.cfbundle; includeInIndex = 0; path = Project_HackingWithSwiftTests.xctest; sourceTree = BUILT_PRODUCTS_DIR; };
		B084005B1FC9A39D003C87E9 /* Project_HackingWithSwiftTests.swift */ = {isa = PBXFileReference; lastKnownFileType = sourcecode.swift; path = Project_HackingWithSwiftTests.swift; sourceTree = "<group>"; };
		B084005D1FC9A39D003C87E9 /* Info.plist */ = {isa = PBXFileReference; lastKnownFileType = text.plist.xml; path = Info.plist; sourceTree = "<group>"; };
		B08400621FC9A39D003C87E9 /* Project_HackingWithSwiftUITests.xctest */ = {isa = PBXFileReference; explicitFileType = wrapper.cfbundle; includeInIndex = 0; path = Project_HackingWithSwiftUITests.xctest; sourceTree = BUILT_PRODUCTS_DIR; };
		B08400661FC9A39D003C87E9 /* Project_HackingWithSwiftUITests.swift */ = {isa = PBXFileReference; lastKnownFileType = sourcecode.swift; path = Project_HackingWithSwiftUITests.swift; sourceTree = "<group>"; };
		B08400681FC9A39D003C87E9 /* Info.plist */ = {isa = PBXFileReference; lastKnownFileType = text.plist.xml; path = Info.plist; sourceTree = "<group>"; };
		B08400761FC9A601003C87E9 /* HomePage.swift */ = {isa = PBXFileReference; lastKnownFileType = sourcecode.swift; path = HomePage.swift; sourceTree = "<group>"; };
		B08400781FC9A6C5003C87E9 /* HP_projectCell.swift */ = {isa = PBXFileReference; lastKnownFileType = sourcecode.swift; path = HP_projectCell.swift; sourceTree = "<group>"; };
		B08400791FC9A6C5003C87E9 /* HP_projectCell.xib */ = {isa = PBXFileReference; lastKnownFileType = file.xib; path = HP_projectCell.xib; sourceTree = "<group>"; };
		B08400811FC9B11C003C87E9 /* Default-568h@2x.png */ = {isa = PBXFileReference; lastKnownFileType = image.png; path = "Default-568h@2x.png"; sourceTree = "<group>"; };
		B0A6C1971FF07CBA00657B99 /* Project25_HomePage.swift */ = {isa = PBXFileReference; lastKnownFileType = sourcecode.swift; path = Project25_HomePage.swift; sourceTree = "<group>"; };
		B0A6C1991FF07CCA00657B99 /* Project26_HomePage.swift */ = {isa = PBXFileReference; lastKnownFileType = sourcecode.swift; path = Project26_HomePage.swift; sourceTree = "<group>"; };
		B0A6C19B1FF07CDF00657B99 /* Project27_HomePage.swift */ = {isa = PBXFileReference; lastKnownFileType = sourcecode.swift; path = Project27_HomePage.swift; sourceTree = "<group>"; };
		B0A6C1A11FF07D4B00657B99 /* Project25.storyboard */ = {isa = PBXFileReference; fileEncoding = 4; lastKnownFileType = file.storyboard; path = Project25.storyboard; sourceTree = "<group>"; };
		B0A6C1A41FF07D7800657B99 /* Base */ = {isa = PBXFileReference; lastKnownFileType = file.storyboard; name = Base; path = Project_HackingWithSwift/HomePage/Base.lproj/Project26.storyboard; sourceTree = "<group>"; };
		B0A6C1A61FF07DA900657B99 /* Project27.storyboard */ = {isa = PBXFileReference; fileEncoding = 4; lastKnownFileType = file.storyboard; path = Project27.storyboard; sourceTree = "<group>"; };
		B0A6C1A81FF080D600657B99 /* Project25_collectionView.swift */ = {isa = PBXFileReference; lastKnownFileType = sourcecode.swift; path = Project25_collectionView.swift; sourceTree = "<group>"; };
		B0A6C1AA1FF08D2700657B99 /* mouse@2x.png */ = {isa = PBXFileReference; lastKnownFileType = image.png; path = "mouse@2x.png"; sourceTree = "<group>"; };
		B0A6C1AB1FF08D2700657B99 /* mouse.png */ = {isa = PBXFileReference; lastKnownFileType = image.png; path = mouse.png; sourceTree = "<group>"; };
		B0A6C1AE1FF2372F00657B99 /* Project28_HomePage.swift */ = {isa = PBXFileReference; lastKnownFileType = sourcecode.swift; path = Project28_HomePage.swift; sourceTree = "<group>"; };
		B0A6C1B11FF2376C00657B99 /* Project28.storyboard */ = {isa = PBXFileReference; fileEncoding = 4; lastKnownFileType = file.storyboard; path = Project28.storyboard; sourceTree = "<group>"; };
		B0F46F461FD7C8D400189AEF /* Project1_Detail.swift */ = {isa = PBXFileReference; lastKnownFileType = sourcecode.swift; path = Project1_Detail.swift; sourceTree = "<group>"; };
/* End PBXFileReference section */

/* Begin PBXFrameworksBuildPhase section */
		B007E6511FEDEC1300EB9AD9 /* Frameworks */ = {
			isa = PBXFrameworksBuildPhase;
			buildActionMask = 2147483647;
			files = (
			);
			runOnlyForDeploymentPostprocessing = 0;
		};
		B08400401FC9A39D003C87E9 /* Frameworks */ = {
			isa = PBXFrameworksBuildPhase;
			buildActionMask = 2147483647;
			files = (
				B007E6781FEF82C200EB9AD9 /* MapKit.framework in Frameworks */,
			);
			runOnlyForDeploymentPostprocessing = 0;
		};
		B08400541FC9A39D003C87E9 /* Frameworks */ = {
			isa = PBXFrameworksBuildPhase;
			buildActionMask = 2147483647;
			files = (
			);
			runOnlyForDeploymentPostprocessing = 0;
		};
		B084005F1FC9A39D003C87E9 /* Frameworks */ = {
			isa = PBXFrameworksBuildPhase;
			buildActionMask = 2147483647;
			files = (
			);
			runOnlyForDeploymentPostprocessing = 0;
		};
/* End PBXFrameworksBuildPhase section */

/* Begin PBXGroup section */
		B000C7FE1FF4D48F0028CEA3 /* Project29 */ = {
			isa = PBXGroup;
			children = (
				B000C7FF1FF4D4C00028CEA3 /* Project29.storyboard */,
				B000C7FB1FF4D4830028CEA3 /* Project29_HomePage.swift */,
			);
			path = Project29;
			sourceTree = "<group>";
		};
		B000C8011FF4D5270028CEA3 /* Project30 */ = {
			isa = PBXGroup;
			children = (
				B000C8021FF4D5460028CEA3 /* Project30.storyboard */,
				B000C8041FF4D5550028CEA3 /* Project30_HomePage.swift */,
			);
			path = Project30;
			sourceTree = "<group>";
		};
		B001FAFD1FE36F67004BA36C /* Content */ = {
			isa = PBXGroup;
			children = (
				B001FAFE1FE36F67004BA36C /* nssl0049.jpg */,
				B001FAFF1FE36F67004BA36C /* nssl0046.jpg */,
				B001FB001FE36F67004BA36C /* nssl0091.jpg */,
				B001FB011FE36F67004BA36C /* nssl0045.jpg */,
				B001FB021FE36F67004BA36C /* nssl0051.jpg */,
				B001FB031FE36F67004BA36C /* nssl0041.jpg */,
				B001FB041FE36F67004BA36C /* nssl0042.jpg */,
				B001FB051FE36F67004BA36C /* nssl0043.jpg */,
				B001FB061FE36F67004BA36C /* nssl0033.jpg */,
				B001FB071FE36F67004BA36C /* nssl0034.jpg */,
			);
			path = Content;
			sourceTree = "<group>";
		};
		B001FB121FE74EDF004BA36C /* Content */ = {
			isa = PBXGroup;
			children = (
				B001FB131FE74EDF004BA36C /* nssl0049.jpg */,
				B001FB141FE74EDF004BA36C /* nssl0046.jpg */,
				B001FB151FE74EDF004BA36C /* nssl0091.jpg */,
				B001FB161FE74EDF004BA36C /* nssl0045.jpg */,
				B001FB171FE74EDF004BA36C /* nssl0051.jpg */,
				B001FB181FE74EDF004BA36C /* nssl0041.jpg */,
				B001FB191FE74EDF004BA36C /* nssl0042.jpg */,
				B001FB1A1FE74EDF004BA36C /* nssl0043.jpg */,
				B001FB1B1FE74EDF004BA36C /* nssl0033.jpg */,
				B001FB1C1FE74EDF004BA36C /* nssl0034.jpg */,
			);
			path = Content;
			sourceTree = "<group>";
		};
		B00724F71FEAA6DE00F8F76A /* Project13 */ = {
			isa = PBXGroup;
			children = (
				B00724F21FEAA6A900F8F76A /* Project13_HomePage.swift */,
				B00724F41FEAA6D700F8F76A /* Project13.storyboard */,
			);
			path = Project13;
			sourceTree = "<group>";
		};
		B007E64F1FEDE91800EB9AD9 /* Project16 */ = {
			isa = PBXGroup;
			children = (
				B007E64A1FEDE8D900EB9AD9 /* Project16_HomePage.swift */,
				B007E64C1FEDE90000EB9AD9 /* Project16.storyboard */,
			);
			path = Project16;
			sourceTree = "<group>";
		};
		B007E6551FEDEC1300EB9AD9 /* Project16_Extension */ = {
			isa = PBXGroup;
			children = (
				B007E6561FEDEC1300EB9AD9 /* ActionViewController.swift */,
				B007E6631FEDF20200EB9AD9 /* Action.js */,
				B007E6651FEE076B00EB9AD9 /* MainInterface.storyboard */,
				B007E65B1FEDEC1300EB9AD9 /* Info.plist */,
			);
			path = Project16_Extension;
			sourceTree = "<group>";
		};
		B007E66C1FEF351B00EB9AD9 /* Project18 */ = {
			isa = PBXGroup;
			children = (
				B007E6671FEF34E400EB9AD9 /* Project18_HomePage.swift */,
				B007E6691FEF350700EB9AD9 /* Project18.storyboard */,
			);
			path = Project18;
			sourceTree = "<group>";
		};
		B007E66F1FEF356D00EB9AD9 /* Project17 */ = {
			isa = PBXGroup;
			children = (
				B007E66D1FEF356800EB9AD9 /* Project17_HomePage.swift */,
			);
			path = Project17;
			sourceTree = "<group>";
		};
		B007E6751FEF822F00EB9AD9 /* Project19 */ = {
			isa = PBXGroup;
			children = (
				B007E6701FEF821700EB9AD9 /* Project19.storyboard */,
				B007E6791FEF846800EB9AD9 /* Project19_Capitals.swift */,
				B007E6731FEF822A00EB9AD9 /* Project19_HomePage.swift */,
			);
			path = Project19;
			sourceTree = "<group>";
		};
		B007E6761FEF82C200EB9AD9 /* Frameworks */ = {
			isa = PBXGroup;
			children = (
				B007E6771FEF82C200EB9AD9 /* MapKit.framework */,
			);
			name = Frameworks;
			sourceTree = "<group>";
		};
		B007E6851FEF888300EB9AD9 /* Project20 */ = {
			isa = PBXGroup;
			children = (
				B007E67B1FEF87E100EB9AD9 /* Project20_HomePage.swift */,
				B007E68A1FEF893700EB9AD9 /* Project20.storyboard */,
			);
			path = Project20;
			sourceTree = "<group>";
		};
		B007E6861FEF889500EB9AD9 /* Project21 */ = {
			isa = PBXGroup;
			children = (
				B007E67D1FEF884600EB9AD9 /* Project21_HomePage.swift */,
				B007E68D1FEF8BFD00EB9AD9 /* Project21.storyboard */,
			);
			path = Project21;
			sourceTree = "<group>";
		};
		B007E6871FEF88A300EB9AD9 /* Project22 */ = {
			isa = PBXGroup;
			children = (
				B03820E61FEFDB7B002ECB32 /* Project22.storyboard */,
				B007E67F1FEF885B00EB9AD9 /* Project22_HomePage.swift */,
			);
			path = Project22;
			sourceTree = "<group>";
		};
		B007E6881FEF88B200EB9AD9 /* Project23 */ = {
			isa = PBXGroup;
			children = (
				B03820E81FEFE46E002ECB32 /* Project23.storyboard */,
				B007E6811FEF886E00EB9AD9 /* Project23_HomePage.swift */,
			);
			path = Project23;
			sourceTree = "<group>";
		};
		B007E6891FEF88BE00EB9AD9 /* Project24 */ = {
			isa = PBXGroup;
			children = (
				B03820EA1FEFE509002ECB32 /* Project24.storyboard */,
				B007E6831FEF887F00EB9AD9 /* Project24_HomePage.swift */,
			);
			path = Project24;
			sourceTree = "<group>";
		};
		B009A0D51FEBDC0B00FF8DC4 /* Project15 */ = {
			isa = PBXGroup;
			children = (
				B009A0D11FEBDBC300FF8DC4 /* Project15.storyboard */,
				B009A0D31FEBDC0500FF8DC4 /* Project15_HomePage.swift */,
				B009A0F71FEBE31900FF8DC4 /* penguin.png */,
				B009A0F61FEBE31900FF8DC4 /* penguin@2x.png */,
			);
			path = Project15;
			sourceTree = "<group>";
		};
		B009A0D61FEBDC8700FF8DC4 /* Project14 */ = {
			isa = PBXGroup;
			children = (
				B009A0D71FEBDCC900FF8DC4 /* Project14_HomePage.swift */,
			);
			path = Project14;
			sourceTree = "<group>";
		};
		B00FA9631FE2014000AD8A68 /* Project8 */ = {
			isa = PBXGroup;
			children = (
				B00FA9601FE2013600AD8A68 /* Project8.storyboard */,
				B00FA95E1FE2011B00AD8A68 /* Project8_HomePage.swift */,
				B000C8061FF5D0B20028CEA3 /* level1.txt */,
				B000C8071FF5D0B20028CEA3 /* level2.txt */,
			);
			path = Project8;
			sourceTree = "<group>";
		};
		B00FA9691FE204B000AD8A68 /* Project9 */ = {
			isa = PBXGroup;
			children = (
				B00FA9641FE2047E00AD8A68 /* Project9_HomePage.swift */,
				B00FA96A1FE2063300AD8A68 /* Project9_Tableview.swift */,
				B00FA9661FE204A900AD8A68 /* Project9.storyboard */,
			);
			path = Project9;
			sourceTree = "<group>";
		};
		B03173DD1FD51A3900B0F6DC /* Project1 */ = {
			isa = PBXGroup;
			children = (
				B03173DB1FD519F700B0F6DC /* Project1_HomePage.swift */,
				B001FAFD1FE36F67004BA36C /* Content */,
				B0F46F461FD7C8D400189AEF /* Project1_Detail.swift */,
				B03173D81FD5182000B0F6DC /* Project1.storyboard */,
			);
			path = Project1;
			sourceTree = "<group>";
		};
		B03173E51FD51F2300B0F6DC /* Project2 */ = {
			isa = PBXGroup;
			children = (
				B03173E01FD51E8200B0F6DC /* Project2_HomePage.swift */,
				B03173E21FD51F0D00B0F6DC /* Project2.storyboard */,
			);
			path = Project2;
			sourceTree = "<group>";
		};
		B03174091FD573E500B0F6DC /* Project3 */ = {
			isa = PBXGroup;
			children = (
				B03174071FD573C900B0F6DC /* Project3_HomePage.swift */,
				B001FB271FE74F0E004BA36C /* Project3_Detail.swift */,
				B001FB121FE74EDF004BA36C /* Content */,
				B03174041FD573AD00B0F6DC /* Project3.storyboard */,
			);
			path = Project3;
			sourceTree = "<group>";
		};
		B03174131FD5748D00B0F6DC /* Project4 */ = {
			isa = PBXGroup;
			children = (
				B031740A1FD5743A00B0F6DC /* Project4.storyboard */,
				B031740D1FD5745100B0F6DC /* Project4_HomePage.swift */,
			);
			path = Project4;
			sourceTree = "<group>";
		};
		B03174171FD574D000B0F6DC /* Project5 */ = {
			isa = PBXGroup;
			children = (
				B004645B1FDA16A200377B2C /* start.txt */,
				B03174141FD574C900B0F6DC /* Project5.storyboard */,
				B031740F1FD5746600B0F6DC /* Project5_HomePage.swift */,
			);
			path = Project5;
			sourceTree = "<group>";
		};
		B03174181FD574E300B0F6DC /* Project6 */ = {
			isa = PBXGroup;
			children = (
				B03174191FD5751F00B0F6DC /* Project6.storyboard */,
				B03174111FD5747A00B0F6DC /* Project6_HomePage.swift */,
			);
			path = Project6;
			sourceTree = "<group>";
		};
		B04054841FE9F48100CED3B6 /* Project10 */ = {
			isa = PBXGroup;
			children = (
				B040547F1FE9F45500CED3B6 /* Project10_HomePage.swift */,
				B04054851FE9F64400CED3B6 /* Project10_CollectionViewcontroller.swift */,
				B04054871FE9FBAA00CED3B6 /* Project10_CollectionViewcontroller_Cell.swift */,
				B04054891FEA2D6700CED3B6 /* Project10_PersonClass.swift */,
				B04054811FE9F47900CED3B6 /* Project10.storyboard */,
			);
			path = Project10;
			sourceTree = "<group>";
		};
		B04054921FEA4E5A00CED3B6 /* Project11 */ = {
			isa = PBXGroup;
			children = (
				B040548D1FEA4E0C00CED3B6 /* Project11.storyboard */,
				B04054901FEA4E3800CED3B6 /* Project11_HomePage.swift */,
			);
			path = Project11;
			sourceTree = "<group>";
		};
		B04054981FEA518600CED3B6 /* Project12 */ = {
			isa = PBXGroup;
			children = (
				B04054931FEA515800CED3B6 /* Project12_HomePage.swift */,
				B040549D1FEA53DB00CED3B6 /* Project12_CollectionViewcontroller.swift */,
				B04054991FEA536000CED3B6 /* Project12_PersonClass.swift */,
				B040549F1FEA557E00CED3B6 /* Project12_TabbarController.swift */,
				B040549B1FEA53BE00CED3B6 /* Project12_CollectionViewcontroller_Cell.swift */,
				B04054951FEA517F00CED3B6 /* Project12.storyboard */,
			);
			path = Project12;
			sourceTree = "<group>";
		};
		B045C46D1FDEB76E002A59ED /* Project7 */ = {
			isa = PBXGroup;
			children = (
				B045C4721FDEB8AE002A59ED /* Project7.storyboard */,
				B045C4701FDEB830002A59ED /* Project7_HomePage.swift */,
				B00FA9561FE0F53A00AD8A68 /* Project7_TabbarController.swift */,
				B00FA95C1FE159B700AD8A68 /* Project7_Detail.swift */,
				B045C4751FDEBA46002A59ED /* Project7_TableviewController.swift */,
				B00FA95A1FE1540D00AD8A68 /* SwiftyJSON.swift */,
			);
			path = Project7;
			sourceTree = "<group>";
		};
		B084003A1FC9A39D003C87E9 = {
			isa = PBXGroup;
			children = (
				B08400811FC9B11C003C87E9 /* Default-568h@2x.png */,
				B08400451FC9A39D003C87E9 /* Project_HackingWithSwift */,
				B084005A1FC9A39D003C87E9 /* Project_HackingWithSwiftTests */,
				B08400651FC9A39D003C87E9 /* Project_HackingWithSwiftUITests */,
				B007E6551FEDEC1300EB9AD9 /* Project16_Extension */,
				B08400441FC9A39D003C87E9 /* Products */,
				B007E6761FEF82C200EB9AD9 /* Frameworks */,
			);
			sourceTree = "<group>";
		};
		B08400441FC9A39D003C87E9 /* Products */ = {
			isa = PBXGroup;
			children = (
				B08400431FC9A39D003C87E9 /* Project_HackingWithSwift.app */,
				B08400571FC9A39D003C87E9 /* Project_HackingWithSwiftTests.xctest */,
				B08400621FC9A39D003C87E9 /* Project_HackingWithSwiftUITests.xctest */,
				B007E6541FEDEC1300EB9AD9 /* Project16_Extension.appex */,
			);
			name = Products;
			sourceTree = "<group>";
		};
		B08400451FC9A39D003C87E9 /* Project_HackingWithSwift */ = {
			isa = PBXGroup;
			children = (
				B08400521FC9A39D003C87E9 /* Info.plist */,
				B000C8011FF4D5270028CEA3 /* Project30 */,
				B000C7FE1FF4D48F0028CEA3 /* Project29 */,
				B0A6C1B31FF2377400657B99 /* Project28 */,
				B0A6C1A01FF07D1300657B99 /* Project27 */,
				B0A6C19F1FF07D0200657B99 /* Project26 */,
				B0A6C19E1FF07CF300657B99 /* Project25 */,
				B007E6891FEF88BE00EB9AD9 /* Project24 */,
				B007E6881FEF88B200EB9AD9 /* Project23 */,
				B007E6871FEF88A300EB9AD9 /* Project22 */,
				B007E6861FEF889500EB9AD9 /* Project21 */,
				B007E6851FEF888300EB9AD9 /* Project20 */,
				B007E6751FEF822F00EB9AD9 /* Project19 */,
				B007E66C1FEF351B00EB9AD9 /* Project18 */,
				B007E66F1FEF356D00EB9AD9 /* Project17 */,
				B007E64F1FEDE91800EB9AD9 /* Project16 */,
				B009A0D51FEBDC0B00FF8DC4 /* Project15 */,
				B009A0D61FEBDC8700FF8DC4 /* Project14 */,
				B00724F71FEAA6DE00F8F76A /* Project13 */,
				B04054981FEA518600CED3B6 /* Project12 */,
				B04054921FEA4E5A00CED3B6 /* Project11 */,
				B04054841FE9F48100CED3B6 /* Project10 */,
				B00FA9691FE204B000AD8A68 /* Project9 */,
				B00FA9631FE2014000AD8A68 /* Project8 */,
				B045C46D1FDEB76E002A59ED /* Project7 */,
				B03174181FD574E300B0F6DC /* Project6 */,
				B03174171FD574D000B0F6DC /* Project5 */,
				B03174131FD5748D00B0F6DC /* Project4 */,
				B03174091FD573E500B0F6DC /* Project3 */,
				B03173E51FD51F2300B0F6DC /* Project2 */,
				B03173DD1FD51A3900B0F6DC /* Project1 */,
				B08400801FC9B0DE003C87E9 /* Source */,
				B084007E1FC9B095003C87E9 /* HomePage */,
			);
			path = Project_HackingWithSwift;
			sourceTree = "<group>";
		};
		B084005A1FC9A39D003C87E9 /* Project_HackingWithSwiftTests */ = {
			isa = PBXGroup;
			children = (
				B084005B1FC9A39D003C87E9 /* Project_HackingWithSwiftTests.swift */,
				B084005D1FC9A39D003C87E9 /* Info.plist */,
			);
			path = Project_HackingWithSwiftTests;
			sourceTree = "<group>";
		};
		B08400651FC9A39D003C87E9 /* Project_HackingWithSwiftUITests */ = {
			isa = PBXGroup;
			children = (
				B08400661FC9A39D003C87E9 /* Project_HackingWithSwiftUITests.swift */,
				B08400681FC9A39D003C87E9 /* Info.plist */,
			);
			path = Project_HackingWithSwiftUITests;
			sourceTree = "<group>";
		};
		B084007E1FC9B095003C87E9 /* HomePage */ = {
			isa = PBXGroup;
			children = (
				B084004A1FC9A39D003C87E9 /* Main.storyboard */,
				B08400761FC9A601003C87E9 /* HomePage.swift */,
				B084004F1FC9A39D003C87E9 /* LaunchScreen.storyboard */,
				B08400781FC9A6C5003C87E9 /* HP_projectCell.swift */,
				B08400791FC9A6C5003C87E9 /* HP_projectCell.xib */,
			);
			path = HomePage;
			sourceTree = "<group>";
		};
		B08400801FC9B0DE003C87E9 /* Source */ = {
			isa = PBXGroup;
			children = (
				B084004D1FC9A39D003C87E9 /* Assets.xcassets */,
				B08400461FC9A39D003C87E9 /* AppDelegate.swift */,
			);
			path = Source;
			sourceTree = "<group>";
		};
		B0A6C19E1FF07CF300657B99 /* Project25 */ = {
			isa = PBXGroup;
			children = (
				B0A6C1A11FF07D4B00657B99 /* Project25.storyboard */,
				B0A6C1A81FF080D600657B99 /* Project25_collectionView.swift */,
				B0A6C1971FF07CBA00657B99 /* Project25_HomePage.swift */,
			);
			path = Project25;
			sourceTree = "<group>";
		};
		B0A6C19F1FF07D0200657B99 /* Project26 */ = {
			isa = PBXGroup;
			children = (
				B0A6C1A31FF07D7800657B99 /* Project26.storyboard */,
				B0A6C1991FF07CCA00657B99 /* Project26_HomePage.swift */,
			);
			path = Project26;
			sourceTree = "<group>";
		};
		B0A6C1A01FF07D1300657B99 /* Project27 */ = {
			isa = PBXGroup;
			children = (
				B0A6C1A61FF07DA900657B99 /* Project27.storyboard */,
				B0A6C19B1FF07CDF00657B99 /* Project27_HomePage.swift */,
				B0A6C1AB1FF08D2700657B99 /* mouse.png */,
				B0A6C1AA1FF08D2700657B99 /* mouse@2x.png */,
			);
			path = Project27;
			sourceTree = "<group>";
		};
		B0A6C1B31FF2377400657B99 /* Project28 */ = {
			isa = PBXGroup;
			children = (
				B0A6C1AE1FF2372F00657B99 /* Project28_HomePage.swift */,
				B0A6C1B11FF2376C00657B99 /* Project28.storyboard */,
				B000C7F81FF4CF480028CEA3 /* KeychainItemAccessibility.swift */,
				B000C7F71FF4CF470028CEA3 /* KeychainWrapper.swift */,
			);
			path = Project28;
			sourceTree = "<group>";
		};
/* End PBXGroup section */

/* Begin PBXNativeTarget section */
		B007E6531FEDEC1300EB9AD9 /* Project16_Extension */ = {
			isa = PBXNativeTarget;
			buildConfigurationList = B007E65F1FEDEC1300EB9AD9 /* Build configuration list for PBXNativeTarget "Project16_Extension" */;
			buildPhases = (
				B007E6501FEDEC1300EB9AD9 /* Sources */,
				B007E6511FEDEC1300EB9AD9 /* Frameworks */,
				B007E6521FEDEC1300EB9AD9 /* Resources */,
			);
			buildRules = (
			);
			dependencies = (
			);
			name = Project16_Extension;
			productName = Project16_Extension;
			productReference = B007E6541FEDEC1300EB9AD9 /* Project16_Extension.appex */;
			productType = "com.apple.product-type.app-extension";
		};
		B08400421FC9A39D003C87E9 /* Project_HackingWithSwift */ = {
			isa = PBXNativeTarget;
			buildConfigurationList = B084006B1FC9A39D003C87E9 /* Build configuration list for PBXNativeTarget "Project_HackingWithSwift" */;
			buildPhases = (
				B084003F1FC9A39D003C87E9 /* Sources */,
				B08400401FC9A39D003C87E9 /* Frameworks */,
				B08400411FC9A39D003C87E9 /* Resources */,
				B007E6621FEDEC1300EB9AD9 /* Embed App Extensions */,
			);
			buildRules = (
			);
			dependencies = (
				B007E65D1FEDEC1300EB9AD9 /* PBXTargetDependency */,
			);
			name = Project_HackingWithSwift;
			productName = Project_HackingWithSwift;
			productReference = B08400431FC9A39D003C87E9 /* Project_HackingWithSwift.app */;
			productType = "com.apple.product-type.application";
		};
		B08400561FC9A39D003C87E9 /* Project_HackingWithSwiftTests */ = {
			isa = PBXNativeTarget;
			buildConfigurationList = B084006E1FC9A39D003C87E9 /* Build configuration list for PBXNativeTarget "Project_HackingWithSwiftTests" */;
			buildPhases = (
				B08400531FC9A39D003C87E9 /* Sources */,
				B08400541FC9A39D003C87E9 /* Frameworks */,
				B08400551FC9A39D003C87E9 /* Resources */,
			);
			buildRules = (
			);
			dependencies = (
				B08400591FC9A39D003C87E9 /* PBXTargetDependency */,
			);
			name = Project_HackingWithSwiftTests;
			productName = Project_HackingWithSwiftTests;
			productReference = B08400571FC9A39D003C87E9 /* Project_HackingWithSwiftTests.xctest */;
			productType = "com.apple.product-type.bundle.unit-test";
		};
		B08400611FC9A39D003C87E9 /* Project_HackingWithSwiftUITests */ = {
			isa = PBXNativeTarget;
			buildConfigurationList = B08400711FC9A39D003C87E9 /* Build configuration list for PBXNativeTarget "Project_HackingWithSwiftUITests" */;
			buildPhases = (
				B084005E1FC9A39D003C87E9 /* Sources */,
				B084005F1FC9A39D003C87E9 /* Frameworks */,
				B08400601FC9A39D003C87E9 /* Resources */,
			);
			buildRules = (
			);
			dependencies = (
				B08400641FC9A39D003C87E9 /* PBXTargetDependency */,
			);
			name = Project_HackingWithSwiftUITests;
			productName = Project_HackingWithSwiftUITests;
			productReference = B08400621FC9A39D003C87E9 /* Project_HackingWithSwiftUITests.xctest */;
			productType = "com.apple.product-type.bundle.ui-testing";
		};
/* End PBXNativeTarget section */

/* Begin PBXProject section */
		B084003B1FC9A39D003C87E9 /* Project object */ = {
			isa = PBXProject;
			attributes = {
				LastSwiftUpdateCheck = 0910;
				LastUpgradeCheck = 0910;
				ORGANIZATIONNAME = "魏品軒";
				TargetAttributes = {
					B007E6531FEDEC1300EB9AD9 = {
						CreatedOnToolsVersion = 9.1;
						ProvisioningStyle = Automatic;
					};
					B08400421FC9A39D003C87E9 = {
						CreatedOnToolsVersion = 9.1;
						ProvisioningStyle = Automatic;
						SystemCapabilities = {
							com.apple.Maps.iOS = {
								enabled = 1;
							};
						};
					};
					B08400561FC9A39D003C87E9 = {
						CreatedOnToolsVersion = 9.1;
						ProvisioningStyle = Automatic;
						TestTargetID = B08400421FC9A39D003C87E9;
					};
					B08400611FC9A39D003C87E9 = {
						CreatedOnToolsVersion = 9.1;
						ProvisioningStyle = Automatic;
						TestTargetID = B08400421FC9A39D003C87E9;
					};
				};
			};
			buildConfigurationList = B084003E1FC9A39D003C87E9 /* Build configuration list for PBXProject "Project_HackingWithSwift" */;
			compatibilityVersion = "Xcode 8.0";
			developmentRegion = en;
			hasScannedForEncodings = 0;
			knownRegions = (
				en,
				Base,
			);
			mainGroup = B084003A1FC9A39D003C87E9;
			productRefGroup = B08400441FC9A39D003C87E9 /* Products */;
			projectDirPath = "";
			projectRoot = "";
			targets = (
				B08400421FC9A39D003C87E9 /* Project_HackingWithSwift */,
				B08400561FC9A39D003C87E9 /* Project_HackingWithSwiftTests */,
				B08400611FC9A39D003C87E9 /* Project_HackingWithSwiftUITests */,
				B007E6531FEDEC1300EB9AD9 /* Project16_Extension */,
			);
		};
/* End PBXProject section */

/* Begin PBXResourcesBuildPhase section */
		B007E6521FEDEC1300EB9AD9 /* Resources */ = {
			isa = PBXResourcesBuildPhase;
			buildActionMask = 2147483647;
			files = (
				B007E6641FEDF20200EB9AD9 /* Action.js in Resources */,
				B007E6661FEE076B00EB9AD9 /* MainInterface.storyboard in Resources */,
			);
			runOnlyForDeploymentPostprocessing = 0;
		};
		B08400411FC9A39D003C87E9 /* Resources */ = {
			isa = PBXResourcesBuildPhase;
			buildActionMask = 2147483647;
			files = (
				B007E6721FEF821700EB9AD9 /* Project19.storyboard in Resources */,
				B009A0F91FEBE31900FF8DC4 /* penguin.png in Resources */,
				B001FB111FE36F67004BA36C /* nssl0034.jpg in Resources */,
				B001FB231FE74EE0004BA36C /* nssl0042.jpg in Resources */,
				B00FA9681FE204A900AD8A68 /* Project9.storyboard in Resources */,
				B001FB101FE36F67004BA36C /* nssl0033.jpg in Resources */,
				B08400511FC9A39D003C87E9 /* LaunchScreen.storyboard in Resources */,
				B00FA9621FE2013600AD8A68 /* Project8.storyboard in Resources */,
				B001FB201FE74EE0004BA36C /* nssl0045.jpg in Resources */,
				B000C8031FF4D5460028CEA3 /* Project30.storyboard in Resources */,
				B04054831FE9F47900CED3B6 /* Project10.storyboard in Resources */,
				B009A0D21FEBDBC300FF8DC4 /* Project15.storyboard in Resources */,
				B0A6C1A71FF07DA900657B99 /* Project27.storyboard in Resources */,
				B001FB1F1FE74EE0004BA36C /* nssl0091.jpg in Resources */,
				B03820EB1FEFE509002ECB32 /* Project24.storyboard in Resources */,
				B001FB221FE74EE0004BA36C /* nssl0041.jpg in Resources */,
				B004645C1FDA16A200377B2C /* start.txt in Resources */,
				B084007B1FC9A6C5003C87E9 /* HP_projectCell.xib in Resources */,
				B001FB0C1FE36F67004BA36C /* nssl0051.jpg in Resources */,
				B03174161FD574C900B0F6DC /* Project5.storyboard in Resources */,
				B001FB0D1FE36F67004BA36C /* nssl0041.jpg in Resources */,
				B0A6C1B21FF2376C00657B99 /* Project28.storyboard in Resources */,
				B03173DA1FD5182000B0F6DC /* Project1.storyboard in Resources */,
				B001FB261FE74EE0004BA36C /* nssl0034.jpg in Resources */,
				B03820E91FEFE46E002ECB32 /* Project23.storyboard in Resources */,
				B084004E1FC9A39D003C87E9 /* Assets.xcassets in Resources */,
				B001FB0F1FE36F67004BA36C /* nssl0043.jpg in Resources */,
				B007E64E1FEDE90000EB9AD9 /* Project16.storyboard in Resources */,
				B001FB081FE36F67004BA36C /* nssl0049.jpg in Resources */,
				B03174061FD573AD00B0F6DC /* Project3.storyboard in Resources */,
				B04054971FEA517F00CED3B6 /* Project12.storyboard in Resources */,
				B08400821FC9B11C003C87E9 /* Default-568h@2x.png in Resources */,
				B084004C1FC9A39D003C87E9 /* Main.storyboard in Resources */,
				B0A6C1AD1FF08D2700657B99 /* mouse.png in Resources */,
				B001FB091FE36F67004BA36C /* nssl0046.jpg in Resources */,
				B0A6C1AC1FF08D2700657B99 /* mouse@2x.png in Resources */,
				B001FB0A1FE36F67004BA36C /* nssl0091.jpg in Resources */,
				B0A6C1A21FF07D4B00657B99 /* Project25.storyboard in Resources */,
				B040548F1FEA4E0C00CED3B6 /* Project11.storyboard in Resources */,
				B000C8001FF4D4C00028CEA3 /* Project29.storyboard in Resources */,
				B000C8081FF5D0B20028CEA3 /* level1.txt in Resources */,
				B009A0F81FEBE31900FF8DC4 /* penguin@2x.png in Resources */,
				B007E68C1FEF893700EB9AD9 /* Project20.storyboard in Resources */,
				B045C4741FDEB8AE002A59ED /* Project7.storyboard in Resources */,
				B001FB1D1FE74EE0004BA36C /* nssl0049.jpg in Resources */,
				B001FB241FE74EE0004BA36C /* nssl0043.jpg in Resources */,
				B03173E41FD51F0D00B0F6DC /* Project2.storyboard in Resources */,
				B007E66B1FEF350700EB9AD9 /* Project18.storyboard in Resources */,
				B03820E71FEFDB7B002ECB32 /* Project22.storyboard in Resources */,
				B001FB1E1FE74EE0004BA36C /* nssl0046.jpg in Resources */,
				B000C8091FF5D0B20028CEA3 /* level2.txt in Resources */,
				B001FB211FE74EE0004BA36C /* nssl0051.jpg in Resources */,
				B001FB251FE74EE0004BA36C /* nssl0033.jpg in Resources */,
				B031741A1FD5751F00B0F6DC /* Project6.storyboard in Resources */,
				B0A6C1A51FF07D7800657B99 /* Project26.storyboard in Resources */,
				B001FB0E1FE36F67004BA36C /* nssl0042.jpg in Resources */,
				B007E68E1FEF8BFD00EB9AD9 /* Project21.storyboard in Resources */,
				B031740C1FD5743A00B0F6DC /* Project4.storyboard in Resources */,
				B00724F61FEAA6D700F8F76A /* Project13.storyboard in Resources */,
				B001FB0B1FE36F67004BA36C /* nssl0045.jpg in Resources */,
			);
			runOnlyForDeploymentPostprocessing = 0;
		};
		B08400551FC9A39D003C87E9 /* Resources */ = {
			isa = PBXResourcesBuildPhase;
			buildActionMask = 2147483647;
			files = (
			);
			runOnlyForDeploymentPostprocessing = 0;
		};
		B08400601FC9A39D003C87E9 /* Resources */ = {
			isa = PBXResourcesBuildPhase;
			buildActionMask = 2147483647;
			files = (
			);
			runOnlyForDeploymentPostprocessing = 0;
		};
/* End PBXResourcesBuildPhase section */

/* Begin PBXSourcesBuildPhase section */
		B007E6501FEDEC1300EB9AD9 /* Sources */ = {
			isa = PBXSourcesBuildPhase;
			buildActionMask = 2147483647;
			files = (
				B007E6571FEDEC1300EB9AD9 /* ActionViewController.swift in Sources */,
			);
			runOnlyForDeploymentPostprocessing = 0;
		};
		B084003F1FC9A39D003C87E9 /* Sources */ = {
			isa = PBXSourcesBuildPhase;
			buildActionMask = 2147483647;
			files = (
				B08400471FC9A39D003C87E9 /* AppDelegate.swift in Sources */,
				B04054911FEA4E3800CED3B6 /* Project11_HomePage.swift in Sources */,
				B007E67E1FEF884600EB9AD9 /* Project21_HomePage.swift in Sources */,
				B007E6801FEF885B00EB9AD9 /* Project22_HomePage.swift in Sources */,
				B040549C1FEA53BE00CED3B6 /* Project12_CollectionViewcontroller_Cell.swift in Sources */,
				B000C7FA1FF4CF480028CEA3 /* KeychainItemAccessibility.swift in Sources */,
				B04054861FE9F64400CED3B6 /* Project10_CollectionViewcontroller.swift in Sources */,
				B007E64B1FEDE8D900EB9AD9 /* Project16_HomePage.swift in Sources */,
				B009A0D41FEBDC0500FF8DC4 /* Project15_HomePage.swift in Sources */,
				B031740E1FD5745100B0F6DC /* Project4_HomePage.swift in Sources */,
				B007E6841FEF887F00EB9AD9 /* Project24_HomePage.swift in Sources */,
				B03174081FD573C900B0F6DC /* Project3_HomePage.swift in Sources */,
				B001FB281FE74F0E004BA36C /* Project3_Detail.swift in Sources */,
				B00FA9571FE0F53A00AD8A68 /* Project7_TabbarController.swift in Sources */,
				B04054941FEA515800CED3B6 /* Project12_HomePage.swift in Sources */,
				B0A6C1AF1FF2372F00657B99 /* Project28_HomePage.swift in Sources */,
				B00FA95D1FE159B700AD8A68 /* Project7_Detail.swift in Sources */,
				B0A6C1981FF07CBA00657B99 /* Project25_HomePage.swift in Sources */,
				B03174101FD5746600B0F6DC /* Project5_HomePage.swift in Sources */,
				B007E67C1FEF87E100EB9AD9 /* Project20_HomePage.swift in Sources */,
				B000C7FC1FF4D4830028CEA3 /* Project29_HomePage.swift in Sources */,
				B040549E1FEA53DB00CED3B6 /* Project12_CollectionViewcontroller.swift in Sources */,
				B00FA95F1FE2011B00AD8A68 /* Project8_HomePage.swift in Sources */,
				B00FA95B1FE1540D00AD8A68 /* SwiftyJSON.swift in Sources */,
				B045C4711FDEB830002A59ED /* Project7_HomePage.swift in Sources */,
				B007E6741FEF822A00EB9AD9 /* Project19_HomePage.swift in Sources */,
				B0A6C19A1FF07CCA00657B99 /* Project26_HomePage.swift in Sources */,
				B007E6821FEF886E00EB9AD9 /* Project23_HomePage.swift in Sources */,
				B0A6C19C1FF07CDF00657B99 /* Project27_HomePage.swift in Sources */,
				B045C4761FDEBA46002A59ED /* Project7_TableviewController.swift in Sources */,
				B007E6681FEF34E400EB9AD9 /* Project18_HomePage.swift in Sources */,
				B084007A1FC9A6C5003C87E9 /* HP_projectCell.swift in Sources */,
				B04054801FE9F45500CED3B6 /* Project10_HomePage.swift in Sources */,
				B00FA96B1FE2063300AD8A68 /* Project9_Tableview.swift in Sources */,
				B0A6C1A91FF080D600657B99 /* Project25_collectionView.swift in Sources */,
				B009A0D81FEBDCC900FF8DC4 /* Project14_HomePage.swift in Sources */,
				B08400771FC9A601003C87E9 /* HomePage.swift in Sources */,
				B000C8051FF4D5550028CEA3 /* Project30_HomePage.swift in Sources */,
				B03173DC1FD519F700B0F6DC /* Project1_HomePage.swift in Sources */,
				B03174121FD5747A00B0F6DC /* Project6_HomePage.swift in Sources */,
				B040549A1FEA536000CED3B6 /* Project12_PersonClass.swift in Sources */,
				B0F46F471FD7C8D400189AEF /* Project1_Detail.swift in Sources */,
				B00FA9651FE2047E00AD8A68 /* Project9_HomePage.swift in Sources */,
				B007E66E1FEF356800EB9AD9 /* Project17_HomePage.swift in Sources */,
				B03173E11FD51E8200B0F6DC /* Project2_HomePage.swift in Sources */,
				B04054A01FEA557E00CED3B6 /* Project12_TabbarController.swift in Sources */,
				B040548A1FEA2D6700CED3B6 /* Project10_PersonClass.swift in Sources */,
				B04054881FE9FBAA00CED3B6 /* Project10_CollectionViewcontroller_Cell.swift in Sources */,
				B000C7F91FF4CF480028CEA3 /* KeychainWrapper.swift in Sources */,
				B007E67A1FEF846800EB9AD9 /* Project19_Capitals.swift in Sources */,
				B00724F31FEAA6A900F8F76A /* Project13_HomePage.swift in Sources */,
			);
			runOnlyForDeploymentPostprocessing = 0;
		};
		B08400531FC9A39D003C87E9 /* Sources */ = {
			isa = PBXSourcesBuildPhase;
			buildActionMask = 2147483647;
			files = (
				B084005C1FC9A39D003C87E9 /* Project_HackingWithSwiftTests.swift in Sources */,
			);
			runOnlyForDeploymentPostprocessing = 0;
		};
		B084005E1FC9A39D003C87E9 /* Sources */ = {
			isa = PBXSourcesBuildPhase;
			buildActionMask = 2147483647;
			files = (
				B08400671FC9A39D003C87E9 /* Project_HackingWithSwiftUITests.swift in Sources */,
			);
			runOnlyForDeploymentPostprocessing = 0;
		};
/* End PBXSourcesBuildPhase section */

/* Begin PBXTargetDependency section */
		B007E65D1FEDEC1300EB9AD9 /* PBXTargetDependency */ = {
			isa = PBXTargetDependency;
			target = B007E6531FEDEC1300EB9AD9 /* Project16_Extension */;
			targetProxy = B007E65C1FEDEC1300EB9AD9 /* PBXContainerItemProxy */;
		};
		B08400591FC9A39D003C87E9 /* PBXTargetDependency */ = {
			isa = PBXTargetDependency;
			target = B08400421FC9A39D003C87E9 /* Project_HackingWithSwift */;
			targetProxy = B08400581FC9A39D003C87E9 /* PBXContainerItemProxy */;
		};
		B08400641FC9A39D003C87E9 /* PBXTargetDependency */ = {
			isa = PBXTargetDependency;
			target = B08400421FC9A39D003C87E9 /* Project_HackingWithSwift */;
			targetProxy = B08400631FC9A39D003C87E9 /* PBXContainerItemProxy */;
		};
/* End PBXTargetDependency section */

/* Begin PBXVariantGroup section */
		B00724F41FEAA6D700F8F76A /* Project13.storyboard */ = {
			isa = PBXVariantGroup;
			children = (
				B00724F51FEAA6D700F8F76A /* Base */,
			);
			name = Project13.storyboard;
			sourceTree = "<group>";
		};
		B007E64C1FEDE90000EB9AD9 /* Project16.storyboard */ = {
			isa = PBXVariantGroup;
			children = (
				B007E64D1FEDE90000EB9AD9 /* Base */,
			);
			name = Project16.storyboard;
			sourceTree = "<group>";
		};
		B007E6691FEF350700EB9AD9 /* Project18.storyboard */ = {
			isa = PBXVariantGroup;
			children = (
				B007E66A1FEF350700EB9AD9 /* Base */,
			);
			name = Project18.storyboard;
			sourceTree = "<group>";
		};
		B007E6701FEF821700EB9AD9 /* Project19.storyboard */ = {
			isa = PBXVariantGroup;
			children = (
				B007E6711FEF821700EB9AD9 /* Base */,
			);
			name = Project19.storyboard;
			sourceTree = "<group>";
		};
		B007E68A1FEF893700EB9AD9 /* Project20.storyboard */ = {
			isa = PBXVariantGroup;
			children = (
				B007E68B1FEF893700EB9AD9 /* Base */,
			);
			name = Project20.storyboard;
			sourceTree = "<group>";
		};
		B00FA9601FE2013600AD8A68 /* Project8.storyboard */ = {
			isa = PBXVariantGroup;
			children = (
				B00FA9611FE2013600AD8A68 /* Base */,
			);
			name = Project8.storyboard;
			sourceTree = "<group>";
		};
		B00FA9661FE204A900AD8A68 /* Project9.storyboard */ = {
			isa = PBXVariantGroup;
			children = (
				B00FA9671FE204A900AD8A68 /* Base */,
			);
			name = Project9.storyboard;
			sourceTree = "<group>";
		};
		B03173D81FD5182000B0F6DC /* Project1.storyboard */ = {
			isa = PBXVariantGroup;
			children = (
				B03173D91FD5182000B0F6DC /* Base */,
			);
			name = Project1.storyboard;
			sourceTree = "<group>";
		};
		B03173E21FD51F0D00B0F6DC /* Project2.storyboard */ = {
			isa = PBXVariantGroup;
			children = (
				B03173E31FD51F0D00B0F6DC /* Base */,
			);
			name = Project2.storyboard;
			sourceTree = "<group>";
		};
		B03174041FD573AD00B0F6DC /* Project3.storyboard */ = {
			isa = PBXVariantGroup;
			children = (
				B03174051FD573AD00B0F6DC /* Base */,
			);
			name = Project3.storyboard;
			sourceTree = "<group>";
		};
		B031740A1FD5743A00B0F6DC /* Project4.storyboard */ = {
			isa = PBXVariantGroup;
			children = (
				B031740B1FD5743A00B0F6DC /* Base */,
			);
			name = Project4.storyboard;
			sourceTree = "<group>";
		};
		B03174141FD574C900B0F6DC /* Project5.storyboard */ = {
			isa = PBXVariantGroup;
			children = (
				B03174151FD574C900B0F6DC /* Base */,
			);
			name = Project5.storyboard;
			sourceTree = "<group>";
		};
		B04054811FE9F47900CED3B6 /* Project10.storyboard */ = {
			isa = PBXVariantGroup;
			children = (
				B04054821FE9F47900CED3B6 /* Base */,
			);
			name = Project10.storyboard;
			sourceTree = "<group>";
		};
		B040548D1FEA4E0C00CED3B6 /* Project11.storyboard */ = {
			isa = PBXVariantGroup;
			children = (
				B040548E1FEA4E0C00CED3B6 /* Base */,
			);
			name = Project11.storyboard;
			sourceTree = "<group>";
		};
		B04054951FEA517F00CED3B6 /* Project12.storyboard */ = {
			isa = PBXVariantGroup;
			children = (
				B04054961FEA517F00CED3B6 /* Base */,
			);
			name = Project12.storyboard;
			sourceTree = "<group>";
		};
		B045C4721FDEB8AE002A59ED /* Project7.storyboard */ = {
			isa = PBXVariantGroup;
			children = (
				B045C4731FDEB8AE002A59ED /* Base */,
			);
			name = Project7.storyboard;
			sourceTree = "<group>";
		};
		B084004A1FC9A39D003C87E9 /* Main.storyboard */ = {
			isa = PBXVariantGroup;
			children = (
				B084004B1FC9A39D003C87E9 /* Base */,
			);
			name = Main.storyboard;
			sourceTree = "<group>";
		};
		B084004F1FC9A39D003C87E9 /* LaunchScreen.storyboard */ = {
			isa = PBXVariantGroup;
			children = (
				B08400501FC9A39D003C87E9 /* Base */,
			);
			name = LaunchScreen.storyboard;
			sourceTree = "<group>";
		};
		B0A6C1A31FF07D7800657B99 /* Project26.storyboard */ = {
			isa = PBXVariantGroup;
			children = (
				B0A6C1A41FF07D7800657B99 /* Base */,
			);
			name = Project26.storyboard;
			sourceTree = "<group>";
		};
/* End PBXVariantGroup section */

/* Begin XCBuildConfiguration section */
		B007E6601FEDEC1300EB9AD9 /* Debug */ = {
			isa = XCBuildConfiguration;
			buildSettings = {
				CODE_SIGN_STYLE = Automatic;
				DEVELOPMENT_TEAM = FS33S77682;
				INFOPLIST_FILE = Project16_Extension/Info.plist;
				LD_RUNPATH_SEARCH_PATHS = "$(inherited) @executable_path/Frameworks @executable_path/../../Frameworks";
				PRODUCT_BUNDLE_IDENTIFIER = "maimin.Project-HackingWithSwift.Project16-Extension";
				PRODUCT_NAME = "$(TARGET_NAME)";
				SKIP_INSTALL = YES;
				SWIFT_VERSION = 4.0;
				TARGETED_DEVICE_FAMILY = "1,2";
			};
			name = Debug;
		};
		B007E6611FEDEC1300EB9AD9 /* Release */ = {
			isa = XCBuildConfiguration;
			buildSettings = {
				CODE_SIGN_STYLE = Automatic;
				DEVELOPMENT_TEAM = FS33S77682;
				INFOPLIST_FILE = Project16_Extension/Info.plist;
				LD_RUNPATH_SEARCH_PATHS = "$(inherited) @executable_path/Frameworks @executable_path/../../Frameworks";
				PRODUCT_BUNDLE_IDENTIFIER = "maimin.Project-HackingWithSwift.Project16-Extension";
				PRODUCT_NAME = "$(TARGET_NAME)";
				SKIP_INSTALL = YES;
				SWIFT_VERSION = 4.0;
				TARGETED_DEVICE_FAMILY = "1,2";
			};
			name = Release;
		};
		B08400691FC9A39D003C87E9 /* Debug */ = {
			isa = XCBuildConfiguration;
			buildSettings = {
				ALWAYS_SEARCH_USER_PATHS = NO;
				CLANG_ANALYZER_NONNULL = YES;
				CLANG_ANALYZER_NUMBER_OBJECT_CONVERSION = YES_AGGRESSIVE;
				CLANG_CXX_LANGUAGE_STANDARD = "gnu++14";
				CLANG_CXX_LIBRARY = "libc++";
				CLANG_ENABLE_MODULES = YES;
				CLANG_ENABLE_OBJC_ARC = YES;
				CLANG_WARN_BLOCK_CAPTURE_AUTORELEASING = YES;
				CLANG_WARN_BOOL_CONVERSION = YES;
				CLANG_WARN_COMMA = YES;
				CLANG_WARN_CONSTANT_CONVERSION = YES;
				CLANG_WARN_DIRECT_OBJC_ISA_USAGE = YES_ERROR;
				CLANG_WARN_DOCUMENTATION_COMMENTS = YES;
				CLANG_WARN_EMPTY_BODY = YES;
				CLANG_WARN_ENUM_CONVERSION = YES;
				CLANG_WARN_INFINITE_RECURSION = YES;
				CLANG_WARN_INT_CONVERSION = YES;
				CLANG_WARN_NON_LITERAL_NULL_CONVERSION = YES;
				CLANG_WARN_OBJC_LITERAL_CONVERSION = YES;
				CLANG_WARN_OBJC_ROOT_CLASS = YES_ERROR;
				CLANG_WARN_RANGE_LOOP_ANALYSIS = YES;
				CLANG_WARN_STRICT_PROTOTYPES = YES;
				CLANG_WARN_SUSPICIOUS_MOVE = YES;
				CLANG_WARN_UNGUARDED_AVAILABILITY = YES_AGGRESSIVE;
				CLANG_WARN_UNREACHABLE_CODE = YES;
				CLANG_WARN__DUPLICATE_METHOD_MATCH = YES;
				CODE_SIGN_IDENTITY = "iPhone Developer";
				COPY_PHASE_STRIP = NO;
				DEBUG_INFORMATION_FORMAT = dwarf;
				ENABLE_STRICT_OBJC_MSGSEND = YES;
				ENABLE_TESTABILITY = YES;
				GCC_C_LANGUAGE_STANDARD = gnu11;
				GCC_DYNAMIC_NO_PIC = NO;
				GCC_NO_COMMON_BLOCKS = YES;
				GCC_OPTIMIZATION_LEVEL = 0;
				GCC_PREPROCESSOR_DEFINITIONS = (
					"DEBUG=1",
					"$(inherited)",
				);
				GCC_WARN_64_TO_32_BIT_CONVERSION = YES;
				GCC_WARN_ABOUT_RETURN_TYPE = YES_ERROR;
				GCC_WARN_UNDECLARED_SELECTOR = YES;
				GCC_WARN_UNINITIALIZED_AUTOS = YES_AGGRESSIVE;
				GCC_WARN_UNUSED_FUNCTION = YES;
				GCC_WARN_UNUSED_VARIABLE = YES;
				IPHONEOS_DEPLOYMENT_TARGET = 11.1;
				MTL_ENABLE_DEBUG_INFO = YES;
				ONLY_ACTIVE_ARCH = YES;
				SDKROOT = iphoneos;
				SWIFT_ACTIVE_COMPILATION_CONDITIONS = DEBUG;
				SWIFT_OPTIMIZATION_LEVEL = "-Onone";
			};
			name = Debug;
		};
		B084006A1FC9A39D003C87E9 /* Release */ = {
			isa = XCBuildConfiguration;
			buildSettings = {
				ALWAYS_SEARCH_USER_PATHS = NO;
				CLANG_ANALYZER_NONNULL = YES;
				CLANG_ANALYZER_NUMBER_OBJECT_CONVERSION = YES_AGGRESSIVE;
				CLANG_CXX_LANGUAGE_STANDARD = "gnu++14";
				CLANG_CXX_LIBRARY = "libc++";
				CLANG_ENABLE_MODULES = YES;
				CLANG_ENABLE_OBJC_ARC = YES;
				CLANG_WARN_BLOCK_CAPTURE_AUTORELEASING = YES;
				CLANG_WARN_BOOL_CONVERSION = YES;
				CLANG_WARN_COMMA = YES;
				CLANG_WARN_CONSTANT_CONVERSION = YES;
				CLANG_WARN_DIRECT_OBJC_ISA_USAGE = YES_ERROR;
				CLANG_WARN_DOCUMENTATION_COMMENTS = YES;
				CLANG_WARN_EMPTY_BODY = YES;
				CLANG_WARN_ENUM_CONVERSION = YES;
				CLANG_WARN_INFINITE_RECURSION = YES;
				CLANG_WARN_INT_CONVERSION = YES;
				CLANG_WARN_NON_LITERAL_NULL_CONVERSION = YES;
				CLANG_WARN_OBJC_LITERAL_CONVERSION = YES;
				CLANG_WARN_OBJC_ROOT_CLASS = YES_ERROR;
				CLANG_WARN_RANGE_LOOP_ANALYSIS = YES;
				CLANG_WARN_STRICT_PROTOTYPES = YES;
				CLANG_WARN_SUSPICIOUS_MOVE = YES;
				CLANG_WARN_UNGUARDED_AVAILABILITY = YES_AGGRESSIVE;
				CLANG_WARN_UNREACHABLE_CODE = YES;
				CLANG_WARN__DUPLICATE_METHOD_MATCH = YES;
				CODE_SIGN_IDENTITY = "iPhone Developer";
				COPY_PHASE_STRIP = NO;
				DEBUG_INFORMATION_FORMAT = "dwarf-with-dsym";
				ENABLE_NS_ASSERTIONS = NO;
				ENABLE_STRICT_OBJC_MSGSEND = YES;
				GCC_C_LANGUAGE_STANDARD = gnu11;
				GCC_NO_COMMON_BLOCKS = YES;
				GCC_WARN_64_TO_32_BIT_CONVERSION = YES;
				GCC_WARN_ABOUT_RETURN_TYPE = YES_ERROR;
				GCC_WARN_UNDECLARED_SELECTOR = YES;
				GCC_WARN_UNINITIALIZED_AUTOS = YES_AGGRESSIVE;
				GCC_WARN_UNUSED_FUNCTION = YES;
				GCC_WARN_UNUSED_VARIABLE = YES;
				IPHONEOS_DEPLOYMENT_TARGET = 11.1;
				MTL_ENABLE_DEBUG_INFO = NO;
				SDKROOT = iphoneos;
				SWIFT_OPTIMIZATION_LEVEL = "-Owholemodule";
				VALIDATE_PRODUCT = YES;
			};
			name = Release;
		};
		B084006C1FC9A39D003C87E9 /* Debug */ = {
			isa = XCBuildConfiguration;
			buildSettings = {
				ALWAYS_EMBED_SWIFT_STANDARD_LIBRARIES = YES;
				ASSETCATALOG_COMPILER_APPICON_NAME = AppIcon;
				CODE_SIGN_STYLE = Automatic;
				DEVELOPMENT_TEAM = FS33S77682;
				INFOPLIST_FILE = Project_HackingWithSwift/Info.plist;
				LD_RUNPATH_SEARCH_PATHS = "$(inherited) @executable_path/Frameworks";
				PRODUCT_BUNDLE_IDENTIFIER = "maimin.Project-HackingWithSwift";
				PRODUCT_NAME = "$(TARGET_NAME)";
				SWIFT_VERSION = 4.0;
				TARGETED_DEVICE_FAMILY = "1,2";
			};
			name = Debug;
		};
		B084006D1FC9A39D003C87E9 /* Release */ = {
			isa = XCBuildConfiguration;
			buildSettings = {
				ALWAYS_EMBED_SWIFT_STANDARD_LIBRARIES = YES;
				ASSETCATALOG_COMPILER_APPICON_NAME = AppIcon;
				CODE_SIGN_STYLE = Automatic;
				DEVELOPMENT_TEAM = FS33S77682;
				INFOPLIST_FILE = Project_HackingWithSwift/Info.plist;
				LD_RUNPATH_SEARCH_PATHS = "$(inherited) @executable_path/Frameworks";
				PRODUCT_BUNDLE_IDENTIFIER = "maimin.Project-HackingWithSwift";
				PRODUCT_NAME = "$(TARGET_NAME)";
				SWIFT_VERSION = 4.0;
				TARGETED_DEVICE_FAMILY = "1,2";
			};
			name = Release;
		};
		B084006F1FC9A39D003C87E9 /* Debug */ = {
			isa = XCBuildConfiguration;
			buildSettings = {
				ALWAYS_EMBED_SWIFT_STANDARD_LIBRARIES = YES;
				BUNDLE_LOADER = "$(TEST_HOST)";
				CODE_SIGN_STYLE = Automatic;
				DEVELOPMENT_TEAM = FS33S77682;
				INFOPLIST_FILE = Project_HackingWithSwiftTests/Info.plist;
				LD_RUNPATH_SEARCH_PATHS = "$(inherited) @executable_path/Frameworks @loader_path/Frameworks";
				PRODUCT_BUNDLE_IDENTIFIER = "maimin.Project-HackingWithSwiftTests";
				PRODUCT_NAME = "$(TARGET_NAME)";
				SWIFT_VERSION = 4.0;
				TARGETED_DEVICE_FAMILY = "1,2";
				TEST_HOST = "$(BUILT_PRODUCTS_DIR)/Project_HackingWithSwift.app/Project_HackingWithSwift";
			};
			name = Debug;
		};
		B08400701FC9A39D003C87E9 /* Release */ = {
			isa = XCBuildConfiguration;
			buildSettings = {
				ALWAYS_EMBED_SWIFT_STANDARD_LIBRARIES = YES;
				BUNDLE_LOADER = "$(TEST_HOST)";
				CODE_SIGN_STYLE = Automatic;
				DEVELOPMENT_TEAM = FS33S77682;
				INFOPLIST_FILE = Project_HackingWithSwiftTests/Info.plist;
				LD_RUNPATH_SEARCH_PATHS = "$(inherited) @executable_path/Frameworks @loader_path/Frameworks";
				PRODUCT_BUNDLE_IDENTIFIER = "maimin.Project-HackingWithSwiftTests";
				PRODUCT_NAME = "$(TARGET_NAME)";
				SWIFT_VERSION = 4.0;
				TARGETED_DEVICE_FAMILY = "1,2";
				TEST_HOST = "$(BUILT_PRODUCTS_DIR)/Project_HackingWithSwift.app/Project_HackingWithSwift";
			};
			name = Release;
		};
		B08400721FC9A39D003C87E9 /* Debug */ = {
			isa = XCBuildConfiguration;
			buildSettings = {
				ALWAYS_EMBED_SWIFT_STANDARD_LIBRARIES = YES;
				CODE_SIGN_STYLE = Automatic;
				DEVELOPMENT_TEAM = FS33S77682;
				INFOPLIST_FILE = Project_HackingWithSwiftUITests/Info.plist;
				LD_RUNPATH_SEARCH_PATHS = "$(inherited) @executable_path/Frameworks @loader_path/Frameworks";
				PRODUCT_BUNDLE_IDENTIFIER = "maimin.Project-HackingWithSwiftUITests";
				PRODUCT_NAME = "$(TARGET_NAME)";
				SWIFT_VERSION = 4.0;
				TARGETED_DEVICE_FAMILY = "1,2";
				TEST_TARGET_NAME = Project_HackingWithSwift;
			};
			name = Debug;
		};
		B08400731FC9A39D003C87E9 /* Release */ = {
			isa = XCBuildConfiguration;
			buildSettings = {
				ALWAYS_EMBED_SWIFT_STANDARD_LIBRARIES = YES;
				CODE_SIGN_STYLE = Automatic;
				DEVELOPMENT_TEAM = FS33S77682;
				INFOPLIST_FILE = Project_HackingWithSwiftUITests/Info.plist;
				LD_RUNPATH_SEARCH_PATHS = "$(inherited) @executable_path/Frameworks @loader_path/Frameworks";
				PRODUCT_BUNDLE_IDENTIFIER = "maimin.Project-HackingWithSwiftUITests";
				PRODUCT_NAME = "$(TARGET_NAME)";
				SWIFT_VERSION = 4.0;
				TARGETED_DEVICE_FAMILY = "1,2";
				TEST_TARGET_NAME = Project_HackingWithSwift;
			};
			name = Release;
		};
/* End XCBuildConfiguration section */

/* Begin XCConfigurationList section */
		B007E65F1FEDEC1300EB9AD9 /* Build configuration list for PBXNativeTarget "Project16_Extension" */ = {
			isa = XCConfigurationList;
			buildConfigurations = (
				B007E6601FEDEC1300EB9AD9 /* Debug */,
				B007E6611FEDEC1300EB9AD9 /* Release */,
			);
			defaultConfigurationIsVisible = 0;
			defaultConfigurationName = Release;
		};
		B084003E1FC9A39D003C87E9 /* Build configuration list for PBXProject "Project_HackingWithSwift" */ = {
			isa = XCConfigurationList;
			buildConfigurations = (
				B08400691FC9A39D003C87E9 /* Debug */,
				B084006A1FC9A39D003C87E9 /* Release */,
			);
			defaultConfigurationIsVisible = 0;
			defaultConfigurationName = Release;
		};
		B084006B1FC9A39D003C87E9 /* Build configuration list for PBXNativeTarget "Project_HackingWithSwift" */ = {
			isa = XCConfigurationList;
			buildConfigurations = (
				B084006C1FC9A39D003C87E9 /* Debug */,
				B084006D1FC9A39D003C87E9 /* Release */,
			);
			defaultConfigurationIsVisible = 0;
			defaultConfigurationName = Release;
		};
		B084006E1FC9A39D003C87E9 /* Build configuration list for PBXNativeTarget "Project_HackingWithSwiftTests" */ = {
			isa = XCConfigurationList;
			buildConfigurations = (
				B084006F1FC9A39D003C87E9 /* Debug */,
				B08400701FC9A39D003C87E9 /* Release */,
			);
			defaultConfigurationIsVisible = 0;
			defaultConfigurationName = Release;
		};
		B08400711FC9A39D003C87E9 /* Build configuration list for PBXNativeTarget "Project_HackingWithSwiftUITests" */ = {
			isa = XCConfigurationList;
			buildConfigurations = (
				B08400721FC9A39D003C87E9 /* Debug */,
				B08400731FC9A39D003C87E9 /* Release */,
			);
			defaultConfigurationIsVisible = 0;
			defaultConfigurationName = Release;
		};
/* End XCConfigurationList section */
	};
	rootObject = B084003B1FC9A39D003C87E9 /* Project object */;
}
